// !$*UTF8*$!
{
	archiveVersion = 1;
	classes = {
	};
	objectVersion = 56;
	objects = {

/* Begin PBXBuildFile section */
		04690EEF2D3788EF00BB8F5A /* UIButton+AnyEdge.m in Sources */ = {isa = PBXBuildFile; fileRef = 04690EEE2D3788EF00BB8F5A /* UIButton+AnyEdge.m */; };
		04690EF22D37CBF600BB8F5A /* AnyHttpTool.m in Sources */ = {isa = PBXBuildFile; fileRef = 04690EF12D37CBF600BB8F5A /* AnyHttpTool.m */; };
		046B6D632D30F74000EE9EF7 /* AppDelegate.m in Sources */ = {isa = PBXBuildFile; fileRef = 046B6D622D30F74000EE9EF7 /* AppDelegate.m */; };
		046B6D692D30F74000EE9EF7 /* ViewController.m in Sources */ = {isa = PBXBuildFile; fileRef = 046B6D682D30F74000EE9EF7 /* ViewController.m */; };
		046B6D6C2D30F74000EE9EF7 /* Main.storyboard in Resources */ = {isa = PBXBuildFile; fileRef = 046B6D6A2D30F74000EE9EF7 /* Main.storyboard */; };
		046B6D6E2D30F74500EE9EF7 /* Assets.xcassets in Resources */ = {isa = PBXBuildFile; fileRef = 046B6D6D2D30F74500EE9EF7 /* Assets.xcassets */; };
		046B6D712D30F74500EE9EF7 /* LaunchScreen.storyboard in Resources */ = {isa = PBXBuildFile; fileRef = 046B6D6F2D30F74500EE9EF7 /* LaunchScreen.storyboard */; };
		046B6D742D30F74500EE9EF7 /* main.m in Sources */ = {isa = PBXBuildFile; fileRef = 046B6D732D30F74500EE9EF7 /* main.m */; };
		046B6D7E2D30F74500EE9EF7 /* AnyTimeTests.m in Sources */ = {isa = PBXBuildFile; fileRef = 046B6D7D2D30F74500EE9EF7 /* AnyTimeTests.m */; };
		046B6D882D30F74500EE9EF7 /* AnyTimeUITests.m in Sources */ = {isa = PBXBuildFile; fileRef = 046B6D872D30F74500EE9EF7 /* AnyTimeUITests.m */; };
		046B6D8A2D30F74500EE9EF7 /* AnyTimeUITestsLaunchTests.m in Sources */ = {isa = PBXBuildFile; fileRef = 046B6D892D30F74500EE9EF7 /* AnyTimeUITestsLaunchTests.m */; };
		046B6D992D335F0600EE9EF7 /* AnyTimeRootBarViewController.m in Sources */ = {isa = PBXBuildFile; fileRef = 046B6D982D335F0600EE9EF7 /* AnyTimeRootBarViewController.m */; };
		046B6D9D2D33619900EE9EF7 /* AnyTimeHomeViewController.m in Sources */ = {isa = PBXBuildFile; fileRef = 046B6D9C2D33619900EE9EF7 /* AnyTimeHomeViewController.m */; };
		046B6DA12D3361B200EE9EF7 /* AnyTimeOrderViewController.m in Sources */ = {isa = PBXBuildFile; fileRef = 046B6DA02D3361B200EE9EF7 /* AnyTimeOrderViewController.m */; };
		046B6DA52D3361D200EE9EF7 /* AnyTimeMeViewController.m in Sources */ = {isa = PBXBuildFile; fileRef = 046B6DA42D3361D200EE9EF7 /* AnyTimeMeViewController.m */; };
		046B6DA92D337BAB00EE9EF7 /* AnyTimeGuidePageViewController.m in Sources */ = {isa = PBXBuildFile; fileRef = 046B6DA82D337BAB00EE9EF7 /* AnyTimeGuidePageViewController.m */; };
		046B6DAF2D3393E900EE9EF7 /* AnyTimeLoginViewController.m in Sources */ = {isa = PBXBuildFile; fileRef = 046B6DAE2D3393E900EE9EF7 /* AnyTimeLoginViewController.m */; };
		046B6DB42D339E8200EE9EF7 /* AnyTimeCustomTextField.m in Sources */ = {isa = PBXBuildFile; fileRef = 046B6DB32D339E8200EE9EF7 /* AnyTimeCustomTextField.m */; };
		046B6DB72D33D90700EE9EF7 /* AnyTimeLargeCardSlotView.m in Sources */ = {isa = PBXBuildFile; fileRef = 046B6DB62D33D90700EE9EF7 /* AnyTimeLargeCardSlotView.m */; };
		046B6DBA2D33D91900EE9EF7 /* AnyTimeSmallCardSlotView.m in Sources */ = {isa = PBXBuildFile; fileRef = 046B6DB92D33D91900EE9EF7 /* AnyTimeSmallCardSlotView.m */; };
		046B6DBD2D33DE5400EE9EF7 /* AnyTimeLargeCardSlotFirstCell.m in Sources */ = {isa = PBXBuildFile; fileRef = 046B6DBC2D33DE5400EE9EF7 /* AnyTimeLargeCardSlotFirstCell.m */; };
		046B6DC02D33DE7000EE9EF7 /* AnyTimeLargeCardSlotSecondCell.m in Sources */ = {isa = PBXBuildFile; fileRef = 046B6DBF2D33DE7000EE9EF7 /* AnyTimeLargeCardSlotSecondCell.m */; };
		046B6DC32D33DE8100EE9EF7 /* AnyTimeLargeCardSlotThirdCell.m in Sources */ = {isa = PBXBuildFile; fileRef = 046B6DC22D33DE8100EE9EF7 /* AnyTimeLargeCardSlotThirdCell.m */; };
		046B6DC62D33DEB400EE9EF7 /* AnyTimeLargeCardSlotFourthCell.m in Sources */ = {isa = PBXBuildFile; fileRef = 046B6DC52D33DEB400EE9EF7 /* AnyTimeLargeCardSlotFourthCell.m */; };
		046B6DCA2D33E94D00EE9EF7 /* AnyTimePublic.m in Sources */ = {isa = PBXBuildFile; fileRef = 046B6DC92D33E94D00EE9EF7 /* AnyTimePublic.m */; };
		046B6DCD2D34AF6200EE9EF7 /* BorderLabel.m in Sources */ = {isa = PBXBuildFile; fileRef = 046B6DCC2D34AF6200EE9EF7 /* BorderLabel.m */; };
		046B6DD02D34B1B200EE9EF7 /* GradientBorderLabel.m in Sources */ = {isa = PBXBuildFile; fileRef = 046B6DCF2D34B1B200EE9EF7 /* GradientBorderLabel.m */; };
		046B6DD42D34B75100EE9EF7 /* AnyTimeSmallCardSlotFirstCell.m in Sources */ = {isa = PBXBuildFile; fileRef = 046B6DD32D34B75100EE9EF7 /* AnyTimeSmallCardSlotFirstCell.m */; };
		046B6DD72D34B76000EE9EF7 /* AnyTimeSmallCardSlotSecondCell.m in Sources */ = {isa = PBXBuildFile; fileRef = 046B6DD62D34B76000EE9EF7 /* AnyTimeSmallCardSlotSecondCell.m */; };
		046B6DDA2D34B76F00EE9EF7 /* AnyTimeSmallCardSlotThirdCell.m in Sources */ = {isa = PBXBuildFile; fileRef = 046B6DD92D34B76F00EE9EF7 /* AnyTimeSmallCardSlotThirdCell.m */; };
		046B6DDD2D34E45400EE9EF7 /* OutlineLabel.m in Sources */ = {isa = PBXBuildFile; fileRef = 046B6DDC2D34E45400EE9EF7 /* OutlineLabel.m */; };
		046B6DE02D3512D400EE9EF7 /* AnyTimeCustomPopupView.m in Sources */ = {isa = PBXBuildFile; fileRef = 046B6DDF2D3512D400EE9EF7 /* AnyTimeCustomPopupView.m */; };
		046B6DE32D36356800EE9EF7 /* AnyTimeOrderCardCell.m in Sources */ = {isa = PBXBuildFile; fileRef = 046B6DE22D36356800EE9EF7 /* AnyTimeOrderCardCell.m */; };
		046B6DE62D364F2500EE9EF7 /* EmptyOrdersViewController.m in Sources */ = {isa = PBXBuildFile; fileRef = 046B6DE52D364F2500EE9EF7 /* EmptyOrdersViewController.m */; };
		046B6DE92D36892400EE9EF7 /* AnyTimeMeTableViewCell.m in Sources */ = {isa = PBXBuildFile; fileRef = 046B6DE82D36892400EE9EF7 /* AnyTimeMeTableViewCell.m */; };
		046B6DED2D368D9100EE9EF7 /* AnyTimeMeSettingViewController.m in Sources */ = {isa = PBXBuildFile; fileRef = 046B6DEC2D368D9100EE9EF7 /* AnyTimeMeSettingViewController.m */; };
		046B6DF02D3691A700EE9EF7 /* AnyTimeMeSettingTableViewCell.m in Sources */ = {isa = PBXBuildFile; fileRef = 046B6DEF2D3691A700EE9EF7 /* AnyTimeMeSettingTableViewCell.m */; };
		04E89A602D38BF6A008EA16E /* AnyTimeHUD.m in Sources */ = {isa = PBXBuildFile; fileRef = 04E89A5F2D38BF6A008EA16E /* AnyTimeHUD.m */; };
		04E89A642D38F2FB008EA16E /* AnyTimeHomeModel.m in Sources */ = {isa = PBXBuildFile; fileRef = 04E89A632D38F2FB008EA16E /* AnyTimeHomeModel.m */; };
		04E89A682D3C9D50008EA16E /* AnyTimeOrderModel.m in Sources */ = {isa = PBXBuildFile; fileRef = 04E89A672D3C9D50008EA16E /* AnyTimeOrderModel.m */; };
		04E89A6C2D3F9AE2008EA16E /* AnyTimeNoNetWorkViewController.m in Sources */ = {isa = PBXBuildFile; fileRef = 04E89A6B2D3F9AE2008EA16E /* AnyTimeNoNetWorkViewController.m */; };
		04E89A6F2D421F2C008EA16E /* AnyTimeDeviceInfoHelper.m in Sources */ = {isa = PBXBuildFile; fileRef = 04E89A6E2D421F2C008EA16E /* AnyTimeDeviceInfoHelper.m */; };
		04E89A712D423570008EA16E /* CoreTelephony.framework in Frameworks */ = {isa = PBXBuildFile; fileRef = 04E89A702D423570008EA16E /* CoreTelephony.framework */; };
		6575440B2D34DC4F00A63988 /* AnyRouter.m in Sources */ = {isa = PBXBuildFile; fileRef = 6575440A2D34DC4F00A63988 /* AnyRouter.m */; };
		6575440E2D3505B700A63988 /* AnyDevHelper.m in Sources */ = {isa = PBXBuildFile; fileRef = 6575440D2D3505B700A63988 /* AnyDevHelper.m */; };
		657544112D35063F00A63988 /* AnyRouterTool.m in Sources */ = {isa = PBXBuildFile; fileRef = 657544102D35063F00A63988 /* AnyRouterTool.m */; };
		657544152D35207C00A63988 /* AnyCertificationDetailsViewController.m in Sources */ = {isa = PBXBuildFile; fileRef = 657544142D35207C00A63988 /* AnyCertificationDetailsViewController.m */; };
		657544182D3520D500A63988 /* AnyNavigationBarUtil.m in Sources */ = {isa = PBXBuildFile; fileRef = 657544172D3520D500A63988 /* AnyNavigationBarUtil.m */; };
		6575441B2D3522FF00A63988 /* AnyUIFactory.m in Sources */ = {isa = PBXBuildFile; fileRef = 6575441A2D3522FF00A63988 /* AnyUIFactory.m */; };
		657544622D36519C00A63988 /* UINavigationController+AutoHideTabBar.m in Sources */ = {isa = PBXBuildFile; fileRef = 657544612D36519C00A63988 /* UINavigationController+AutoHideTabBar.m */; };
		657544692D365EA200A63988 /* AnyBottomProductInfor.m in Sources */ = {isa = PBXBuildFile; fileRef = 657544682D365EA200A63988 /* AnyBottomProductInfor.m */; };
		6575446D2D369B5C00A63988 /* AnyCertificationDetailsCell.m in Sources */ = {isa = PBXBuildFile; fileRef = 6575446C2D369B5C00A63988 /* AnyCertificationDetailsCell.m */; };
		657544712D36AB7100A63988 /* AnyVerifyldentityBaseViewController.m in Sources */ = {isa = PBXBuildFile; fileRef = 657544702D36AB7100A63988 /* AnyVerifyldentityBaseViewController.m */; };
		657544742D36AC9E00A63988 /* AnyVerifyldentityIDTypeViewController.m in Sources */ = {isa = PBXBuildFile; fileRef = 657544732D36AC9E00A63988 /* AnyVerifyldentityIDTypeViewController.m */; };
		657544772D374A4A00A63988 /* AnyVerifyldentityIDTypeCell.m in Sources */ = {isa = PBXBuildFile; fileRef = 657544762D374A4A00A63988 /* AnyVerifyldentityIDTypeCell.m */; };
		657544802D376AF800A63988 /* AnyNetRequest.m in Sources */ = {isa = PBXBuildFile; fileRef = 6575447F2D376AF800A63988 /* AnyNetRequest.m */; };
		657544832D37719A00A63988 /* AnyVerifyldentity02ViewController.m in Sources */ = {isa = PBXBuildFile; fileRef = 657544822D37719A00A63988 /* AnyVerifyldentity02ViewController.m */; };
		657544862D37728100A63988 /* AnyVerifyldentity02Cell.m in Sources */ = {isa = PBXBuildFile; fileRef = 657544852D37728100A63988 /* AnyVerifyldentity02Cell.m */; };
		6575448A2D37A1A700A63988 /* AnyVerifyldentity03ViewController.m in Sources */ = {isa = PBXBuildFile; fileRef = 657544892D37A1A700A63988 /* AnyVerifyldentity03ViewController.m */; };
		6575448D2D37A8D700A63988 /* AnyVerifyldentitySuccessfulViewController.m in Sources */ = {isa = PBXBuildFile; fileRef = 6575448C2D37A8D700A63988 /* AnyVerifyldentitySuccessfulViewController.m */; };
		657544902D37B0F200A63988 /* AnyVerifyldentitySuccessfull01Cell.m in Sources */ = {isa = PBXBuildFile; fileRef = 6575448F2D37B0F200A63988 /* AnyVerifyldentitySuccessfull01Cell.m */; };
		657544952D37B93600A63988 /* AnyCertificationInfoCell.m in Sources */ = {isa = PBXBuildFile; fileRef = 657544932D37B93600A63988 /* AnyCertificationInfoCell.m */; };
		657544962D37B93600A63988 /* AnyCertificationInfoCell.xib in Resources */ = {isa = PBXBuildFile; fileRef = 657544942D37B93600A63988 /* AnyCertificationInfoCell.xib */; };
		6575449A2D37BC7C00A63988 /* AnyPersonalInforBaseViewController.m in Sources */ = {isa = PBXBuildFile; fileRef = 657544992D37BC7C00A63988 /* AnyPersonalInforBaseViewController.m */; };
		6575449D2D37BCAF00A63988 /* AnyPersonalInforViewController.m in Sources */ = {isa = PBXBuildFile; fileRef = 6575449C2D37BCAF00A63988 /* AnyPersonalInforViewController.m */; };
		657544A02D37CC5D00A63988 /* AnyContactInforViewController.m in Sources */ = {isa = PBXBuildFile; fileRef = 6575449F2D37CC5D00A63988 /* AnyContactInforViewController.m */; };
		657544A52D37CE5900A63988 /* AnyContactInforCell.xib in Resources */ = {isa = PBXBuildFile; fileRef = 657544A42D37CE5900A63988 /* AnyContactInforCell.xib */; };
		657544A62D37CE5900A63988 /* AnyContactInforCell.m in Sources */ = {isa = PBXBuildFile; fileRef = 657544A32D37CE5900A63988 /* AnyContactInforCell.m */; };
		657544A92D37DD3C00A63988 /* AnyWithdrawalInfoViewController.m in Sources */ = {isa = PBXBuildFile; fileRef = 657544A82D37DD3C00A63988 /* AnyWithdrawalInfoViewController.m */; };
		657544AC2D37FA4E00A63988 /* AnyVerifyIdentityInfoConfirmedPop.m in Sources */ = {isa = PBXBuildFile; fileRef = 657544AB2D37FA4E00A63988 /* AnyVerifyIdentityInfoConfirmedPop.m */; };
		657544AF2D38001E00A63988 /* AnyInfoConfirmedView.m in Sources */ = {isa = PBXBuildFile; fileRef = 657544AE2D38001E00A63988 /* AnyInfoConfirmedView.m */; };
		657544E82D38A52800A63988 /* AnyAddressPop.m in Sources */ = {isa = PBXBuildFile; fileRef = 657544E72D38A52800A63988 /* AnyAddressPop.m */; };
		657544EC2D38A9BA00A63988 /* AnyAddressCell.m in Sources */ = {isa = PBXBuildFile; fileRef = 657544EB2D38A9BA00A63988 /* AnyAddressCell.m */; };
		657544EF2D38D99B00A63988 /* AnySelectPop.m in Sources */ = {isa = PBXBuildFile; fileRef = 657544EE2D38D99B00A63988 /* AnySelectPop.m */; };
		657544F32D38EB8200A63988 /* AnySelectCell.m in Sources */ = {isa = PBXBuildFile; fileRef = 657544F22D38EB8200A63988 /* AnySelectCell.m */; };
		657544F62D38F28600A63988 /* AnySelectModel.m in Sources */ = {isa = PBXBuildFile; fileRef = 657544F52D38F28600A63988 /* AnySelectModel.m */; };
		657544F92D390A2000A63988 /* AnyLocationManager.m in Sources */ = {isa = PBXBuildFile; fileRef = 657544F82D390A2000A63988 /* AnyLocationManager.m */; };
		657544FE2D3A131200A63988 /* AnyBeCommonWebViewController.m in Sources */ = {isa = PBXBuildFile; fileRef = 657544FD2D3A131200A63988 /* AnyBeCommonWebViewController.m */; };
		657545012D3A607900A63988 /* AnyCameraUtil.m in Sources */ = {isa = PBXBuildFile; fileRef = 657545002D3A607900A63988 /* AnyCameraUtil.m */; };
		657545042D3D098100A63988 /* AnyAreYouPop.m in Sources */ = {isa = PBXBuildFile; fileRef = 657545032D3D098100A63988 /* AnyAreYouPop.m */; };
		657545072D3E182200A63988 /* AnyContactManager.m in Sources */ = {isa = PBXBuildFile; fileRef = 657545062D3E182200A63988 /* AnyContactManager.m */; };
		6575450A2D41D4AE00A63988 /* LocationDictionaryHelper.m in Sources */ = {isa = PBXBuildFile; fileRef = 657545092D41D4AE00A63988 /* LocationDictionaryHelper.m */; };
		826F54C2EA19383470FFFE00 /* Pods_AnyTime.framework in Frameworks */ = {isa = PBXBuildFile; fileRef = 5144912D00E9046812AF323D /* Pods_AnyTime.framework */; };
		8AADE94F471CDE3BFBDA66D7 /* Pods_AnyTimeTests.framework in Frameworks */ = {isa = PBXBuildFile; fileRef = CE4B7405F01A2FAB655AFF70 /* Pods_AnyTimeTests.framework */; };
		F693A9FC492260D76D367A52 /* Pods_AnyTime_AnyTimeUITests.framework in Frameworks */ = {isa = PBXBuildFile; fileRef = 01D88D01DB36709394BB553A /* Pods_AnyTime_AnyTimeUITests.framework */; };
/* End PBXBuildFile section */

/* Begin PBXContainerItemProxy section */
		046B6D7A2D30F74500EE9EF7 /* PBXContainerItemProxy */ = {
			isa = PBXContainerItemProxy;
			containerPortal = 046B6D562D30F74000EE9EF7 /* Project object */;
			proxyType = 1;
			remoteGlobalIDString = 046B6D5D2D30F74000EE9EF7;
			remoteInfo = AnyTime;
		};
		046B6D842D30F74500EE9EF7 /* PBXContainerItemProxy */ = {
			isa = PBXContainerItemProxy;
			containerPortal = 046B6D562D30F74000EE9EF7 /* Project object */;
			proxyType = 1;
			remoteGlobalIDString = 046B6D5D2D30F74000EE9EF7;
			remoteInfo = AnyTime;
		};
/* End PBXContainerItemProxy section */

/* Begin PBXFileReference section */
		01D88D01DB36709394BB553A /* Pods_AnyTime_AnyTimeUITests.framework */ = {isa = PBXFileReference; explicitFileType = wrapper.framework; includeInIndex = 0; path = Pods_AnyTime_AnyTimeUITests.framework; sourceTree = BUILT_PRODUCTS_DIR; };
		04690EED2D3788EF00BB8F5A /* UIButton+AnyEdge.h */ = {isa = PBXFileReference; lastKnownFileType = sourcecode.c.h; path = "UIButton+AnyEdge.h"; sourceTree = "<group>"; };
		04690EEE2D3788EF00BB8F5A /* UIButton+AnyEdge.m */ = {isa = PBXFileReference; lastKnownFileType = sourcecode.c.objc; path = "UIButton+AnyEdge.m"; sourceTree = "<group>"; };
		04690EF02D37CBF600BB8F5A /* AnyHttpTool.h */ = {isa = PBXFileReference; lastKnownFileType = sourcecode.c.h; path = AnyHttpTool.h; sourceTree = "<group>"; };
		04690EF12D37CBF600BB8F5A /* AnyHttpTool.m */ = {isa = PBXFileReference; lastKnownFileType = sourcecode.c.objc; path = AnyHttpTool.m; sourceTree = "<group>"; };
		046B6D5E2D30F74000EE9EF7 /* AnyTime.app */ = {isa = PBXFileReference; explicitFileType = wrapper.application; includeInIndex = 0; path = AnyTime.app; sourceTree = BUILT_PRODUCTS_DIR; };
		046B6D612D30F74000EE9EF7 /* AppDelegate.h */ = {isa = PBXFileReference; lastKnownFileType = sourcecode.c.h; path = AppDelegate.h; sourceTree = "<group>"; };
		046B6D622D30F74000EE9EF7 /* AppDelegate.m */ = {isa = PBXFileReference; lastKnownFileType = sourcecode.c.objc; path = AppDelegate.m; sourceTree = "<group>"; };
		046B6D672D30F74000EE9EF7 /* ViewController.h */ = {isa = PBXFileReference; lastKnownFileType = sourcecode.c.h; path = ViewController.h; sourceTree = "<group>"; };
		046B6D682D30F74000EE9EF7 /* ViewController.m */ = {isa = PBXFileReference; lastKnownFileType = sourcecode.c.objc; path = ViewController.m; sourceTree = "<group>"; };
		046B6D6B2D30F74000EE9EF7 /* Base */ = {isa = PBXFileReference; lastKnownFileType = file.storyboard; name = Base; path = Base.lproj/Main.storyboard; sourceTree = "<group>"; };
		046B6D6D2D30F74500EE9EF7 /* Assets.xcassets */ = {isa = PBXFileReference; lastKnownFileType = folder.assetcatalog; path = Assets.xcassets; sourceTree = "<group>"; };
		046B6D702D30F74500EE9EF7 /* Base */ = {isa = PBXFileReference; lastKnownFileType = file.storyboard; name = Base; path = Base.lproj/LaunchScreen.storyboard; sourceTree = "<group>"; };
		046B6D722D30F74500EE9EF7 /* Info.plist */ = {isa = PBXFileReference; lastKnownFileType = text.plist.xml; path = Info.plist; sourceTree = "<group>"; };
		046B6D732D30F74500EE9EF7 /* main.m */ = {isa = PBXFileReference; lastKnownFileType = sourcecode.c.objc; path = main.m; sourceTree = "<group>"; };
		046B6D792D30F74500EE9EF7 /* AnyTimeTests.xctest */ = {isa = PBXFileReference; explicitFileType = wrapper.cfbundle; includeInIndex = 0; path = AnyTimeTests.xctest; sourceTree = BUILT_PRODUCTS_DIR; };
		046B6D7D2D30F74500EE9EF7 /* AnyTimeTests.m */ = {isa = PBXFileReference; lastKnownFileType = sourcecode.c.objc; path = AnyTimeTests.m; sourceTree = "<group>"; };
		046B6D832D30F74500EE9EF7 /* AnyTimeUITests.xctest */ = {isa = PBXFileReference; explicitFileType = wrapper.cfbundle; includeInIndex = 0; path = AnyTimeUITests.xctest; sourceTree = BUILT_PRODUCTS_DIR; };
		046B6D872D30F74500EE9EF7 /* AnyTimeUITests.m */ = {isa = PBXFileReference; lastKnownFileType = sourcecode.c.objc; path = AnyTimeUITests.m; sourceTree = "<group>"; };
		046B6D892D30F74500EE9EF7 /* AnyTimeUITestsLaunchTests.m */ = {isa = PBXFileReference; lastKnownFileType = sourcecode.c.objc; path = AnyTimeUITestsLaunchTests.m; sourceTree = "<group>"; };
		046B6D972D335F0500EE9EF7 /* AnyTimeRootBarViewController.h */ = {isa = PBXFileReference; lastKnownFileType = sourcecode.c.h; path = AnyTimeRootBarViewController.h; sourceTree = "<group>"; };
		046B6D982D335F0600EE9EF7 /* AnyTimeRootBarViewController.m */ = {isa = PBXFileReference; lastKnownFileType = sourcecode.c.objc; path = AnyTimeRootBarViewController.m; sourceTree = "<group>"; };
		046B6D9B2D33619900EE9EF7 /* AnyTimeHomeViewController.h */ = {isa = PBXFileReference; lastKnownFileType = sourcecode.c.h; path = AnyTimeHomeViewController.h; sourceTree = "<group>"; };
		046B6D9C2D33619900EE9EF7 /* AnyTimeHomeViewController.m */ = {isa = PBXFileReference; lastKnownFileType = sourcecode.c.objc; path = AnyTimeHomeViewController.m; sourceTree = "<group>"; };
		046B6D9F2D3361B200EE9EF7 /* AnyTimeOrderViewController.h */ = {isa = PBXFileReference; lastKnownFileType = sourcecode.c.h; path = AnyTimeOrderViewController.h; sourceTree = "<group>"; };
		046B6DA02D3361B200EE9EF7 /* AnyTimeOrderViewController.m */ = {isa = PBXFileReference; lastKnownFileType = sourcecode.c.objc; path = AnyTimeOrderViewController.m; sourceTree = "<group>"; };
		046B6DA32D3361D200EE9EF7 /* AnyTimeMeViewController.h */ = {isa = PBXFileReference; lastKnownFileType = sourcecode.c.h; path = AnyTimeMeViewController.h; sourceTree = "<group>"; };
		046B6DA42D3361D200EE9EF7 /* AnyTimeMeViewController.m */ = {isa = PBXFileReference; lastKnownFileType = sourcecode.c.objc; path = AnyTimeMeViewController.m; sourceTree = "<group>"; };
		046B6DA72D337BAB00EE9EF7 /* AnyTimeGuidePageViewController.h */ = {isa = PBXFileReference; lastKnownFileType = sourcecode.c.h; path = AnyTimeGuidePageViewController.h; sourceTree = "<group>"; };
		046B6DA82D337BAB00EE9EF7 /* AnyTimeGuidePageViewController.m */ = {isa = PBXFileReference; lastKnownFileType = sourcecode.c.objc; path = AnyTimeGuidePageViewController.m; sourceTree = "<group>"; };
		046B6DAD2D3393E900EE9EF7 /* AnyTimeLoginViewController.h */ = {isa = PBXFileReference; lastKnownFileType = sourcecode.c.h; path = AnyTimeLoginViewController.h; sourceTree = "<group>"; };
		046B6DAE2D3393E900EE9EF7 /* AnyTimeLoginViewController.m */ = {isa = PBXFileReference; lastKnownFileType = sourcecode.c.objc; path = AnyTimeLoginViewController.m; sourceTree = "<group>"; };
		046B6DB02D33958F00EE9EF7 /* AnyTime-Prefix.pch */ = {isa = PBXFileReference; lastKnownFileType = sourcecode.c.h; path = "AnyTime-Prefix.pch"; sourceTree = "<group>"; };
		046B6DB22D339E8200EE9EF7 /* AnyTimeCustomTextField.h */ = {isa = PBXFileReference; lastKnownFileType = sourcecode.c.h; path = AnyTimeCustomTextField.h; sourceTree = "<group>"; };
		046B6DB32D339E8200EE9EF7 /* AnyTimeCustomTextField.m */ = {isa = PBXFileReference; lastKnownFileType = sourcecode.c.objc; path = AnyTimeCustomTextField.m; sourceTree = "<group>"; };
		046B6DB52D33D90700EE9EF7 /* AnyTimeLargeCardSlotView.h */ = {isa = PBXFileReference; lastKnownFileType = sourcecode.c.h; name = AnyTimeLargeCardSlotView.h; path = AnyTime/AnyTimeHome/AnyTimeLargeCardSlotView/AnyTimeLargeCardSlotView.h; sourceTree = SOURCE_ROOT; };
		046B6DB62D33D90700EE9EF7 /* AnyTimeLargeCardSlotView.m */ = {isa = PBXFileReference; lastKnownFileType = sourcecode.c.objc; name = AnyTimeLargeCardSlotView.m; path = AnyTime/AnyTimeHome/AnyTimeLargeCardSlotView/AnyTimeLargeCardSlotView.m; sourceTree = SOURCE_ROOT; };
		046B6DB82D33D91900EE9EF7 /* AnyTimeSmallCardSlotView.h */ = {isa = PBXFileReference; lastKnownFileType = sourcecode.c.h; path = AnyTimeSmallCardSlotView.h; sourceTree = "<group>"; };
		046B6DB92D33D91900EE9EF7 /* AnyTimeSmallCardSlotView.m */ = {isa = PBXFileReference; lastKnownFileType = sourcecode.c.objc; path = AnyTimeSmallCardSlotView.m; sourceTree = "<group>"; };
		046B6DBB2D33DE5400EE9EF7 /* AnyTimeLargeCardSlotFirstCell.h */ = {isa = PBXFileReference; lastKnownFileType = sourcecode.c.h; path = AnyTimeLargeCardSlotFirstCell.h; sourceTree = "<group>"; };
		046B6DBC2D33DE5400EE9EF7 /* AnyTimeLargeCardSlotFirstCell.m */ = {isa = PBXFileReference; lastKnownFileType = sourcecode.c.objc; path = AnyTimeLargeCardSlotFirstCell.m; sourceTree = "<group>"; };
		046B6DBE2D33DE7000EE9EF7 /* AnyTimeLargeCardSlotSecondCell.h */ = {isa = PBXFileReference; lastKnownFileType = sourcecode.c.h; path = AnyTimeLargeCardSlotSecondCell.h; sourceTree = "<group>"; };
		046B6DBF2D33DE7000EE9EF7 /* AnyTimeLargeCardSlotSecondCell.m */ = {isa = PBXFileReference; lastKnownFileType = sourcecode.c.objc; path = AnyTimeLargeCardSlotSecondCell.m; sourceTree = "<group>"; };
		046B6DC12D33DE8100EE9EF7 /* AnyTimeLargeCardSlotThirdCell.h */ = {isa = PBXFileReference; lastKnownFileType = sourcecode.c.h; path = AnyTimeLargeCardSlotThirdCell.h; sourceTree = "<group>"; };
		046B6DC22D33DE8100EE9EF7 /* AnyTimeLargeCardSlotThirdCell.m */ = {isa = PBXFileReference; lastKnownFileType = sourcecode.c.objc; path = AnyTimeLargeCardSlotThirdCell.m; sourceTree = "<group>"; };
		046B6DC42D33DEB400EE9EF7 /* AnyTimeLargeCardSlotFourthCell.h */ = {isa = PBXFileReference; lastKnownFileType = sourcecode.c.h; path = AnyTimeLargeCardSlotFourthCell.h; sourceTree = "<group>"; };
		046B6DC52D33DEB400EE9EF7 /* AnyTimeLargeCardSlotFourthCell.m */ = {isa = PBXFileReference; lastKnownFileType = sourcecode.c.objc; path = AnyTimeLargeCardSlotFourthCell.m; sourceTree = "<group>"; };
		046B6DC82D33E94D00EE9EF7 /* AnyTimePublic.h */ = {isa = PBXFileReference; lastKnownFileType = sourcecode.c.h; path = AnyTimePublic.h; sourceTree = "<group>"; };
		046B6DC92D33E94D00EE9EF7 /* AnyTimePublic.m */ = {isa = PBXFileReference; lastKnownFileType = sourcecode.c.objc; path = AnyTimePublic.m; sourceTree = "<group>"; };
		046B6DCB2D34AF6200EE9EF7 /* BorderLabel.h */ = {isa = PBXFileReference; lastKnownFileType = sourcecode.c.h; path = BorderLabel.h; sourceTree = "<group>"; };
		046B6DCC2D34AF6200EE9EF7 /* BorderLabel.m */ = {isa = PBXFileReference; lastKnownFileType = sourcecode.c.objc; path = BorderLabel.m; sourceTree = "<group>"; };
		046B6DCE2D34B1B200EE9EF7 /* GradientBorderLabel.h */ = {isa = PBXFileReference; lastKnownFileType = sourcecode.c.h; path = GradientBorderLabel.h; sourceTree = "<group>"; };
		046B6DCF2D34B1B200EE9EF7 /* GradientBorderLabel.m */ = {isa = PBXFileReference; lastKnownFileType = sourcecode.c.objc; path = GradientBorderLabel.m; sourceTree = "<group>"; };
		046B6DD22D34B75100EE9EF7 /* AnyTimeSmallCardSlotFirstCell.h */ = {isa = PBXFileReference; lastKnownFileType = sourcecode.c.h; path = AnyTimeSmallCardSlotFirstCell.h; sourceTree = "<group>"; };
		046B6DD32D34B75100EE9EF7 /* AnyTimeSmallCardSlotFirstCell.m */ = {isa = PBXFileReference; lastKnownFileType = sourcecode.c.objc; path = AnyTimeSmallCardSlotFirstCell.m; sourceTree = "<group>"; };
		046B6DD52D34B76000EE9EF7 /* AnyTimeSmallCardSlotSecondCell.h */ = {isa = PBXFileReference; lastKnownFileType = sourcecode.c.h; path = AnyTimeSmallCardSlotSecondCell.h; sourceTree = "<group>"; };
		046B6DD62D34B76000EE9EF7 /* AnyTimeSmallCardSlotSecondCell.m */ = {isa = PBXFileReference; lastKnownFileType = sourcecode.c.objc; path = AnyTimeSmallCardSlotSecondCell.m; sourceTree = "<group>"; };
		046B6DD82D34B76F00EE9EF7 /* AnyTimeSmallCardSlotThirdCell.h */ = {isa = PBXFileReference; lastKnownFileType = sourcecode.c.h; path = AnyTimeSmallCardSlotThirdCell.h; sourceTree = "<group>"; };
		046B6DD92D34B76F00EE9EF7 /* AnyTimeSmallCardSlotThirdCell.m */ = {isa = PBXFileReference; lastKnownFileType = sourcecode.c.objc; path = AnyTimeSmallCardSlotThirdCell.m; sourceTree = "<group>"; };
		046B6DDB2D34E45400EE9EF7 /* OutlineLabel.h */ = {isa = PBXFileReference; lastKnownFileType = sourcecode.c.h; path = OutlineLabel.h; sourceTree = "<group>"; };
		046B6DDC2D34E45400EE9EF7 /* OutlineLabel.m */ = {isa = PBXFileReference; lastKnownFileType = sourcecode.c.objc; path = OutlineLabel.m; sourceTree = "<group>"; };
		046B6DDE2D3512D400EE9EF7 /* AnyTimeCustomPopupView.h */ = {isa = PBXFileReference; lastKnownFileType = sourcecode.c.h; path = AnyTimeCustomPopupView.h; sourceTree = "<group>"; };
		046B6DDF2D3512D400EE9EF7 /* AnyTimeCustomPopupView.m */ = {isa = PBXFileReference; lastKnownFileType = sourcecode.c.objc; path = AnyTimeCustomPopupView.m; sourceTree = "<group>"; };
		046B6DE12D36356800EE9EF7 /* AnyTimeOrderCardCell.h */ = {isa = PBXFileReference; lastKnownFileType = sourcecode.c.h; path = AnyTimeOrderCardCell.h; sourceTree = "<group>"; };
		046B6DE22D36356800EE9EF7 /* AnyTimeOrderCardCell.m */ = {isa = PBXFileReference; lastKnownFileType = sourcecode.c.objc; path = AnyTimeOrderCardCell.m; sourceTree = "<group>"; };
		046B6DE42D364F2500EE9EF7 /* EmptyOrdersViewController.h */ = {isa = PBXFileReference; lastKnownFileType = sourcecode.c.h; path = EmptyOrdersViewController.h; sourceTree = "<group>"; };
		046B6DE52D364F2500EE9EF7 /* EmptyOrdersViewController.m */ = {isa = PBXFileReference; lastKnownFileType = sourcecode.c.objc; path = EmptyOrdersViewController.m; sourceTree = "<group>"; };
		046B6DE72D36892400EE9EF7 /* AnyTimeMeTableViewCell.h */ = {isa = PBXFileReference; lastKnownFileType = sourcecode.c.h; path = AnyTimeMeTableViewCell.h; sourceTree = "<group>"; };
		046B6DE82D36892400EE9EF7 /* AnyTimeMeTableViewCell.m */ = {isa = PBXFileReference; lastKnownFileType = sourcecode.c.objc; path = AnyTimeMeTableViewCell.m; sourceTree = "<group>"; };
		046B6DEB2D368D9100EE9EF7 /* AnyTimeMeSettingViewController.h */ = {isa = PBXFileReference; lastKnownFileType = sourcecode.c.h; path = AnyTimeMeSettingViewController.h; sourceTree = "<group>"; };
		046B6DEC2D368D9100EE9EF7 /* AnyTimeMeSettingViewController.m */ = {isa = PBXFileReference; lastKnownFileType = sourcecode.c.objc; path = AnyTimeMeSettingViewController.m; sourceTree = "<group>"; };
		046B6DEE2D3691A700EE9EF7 /* AnyTimeMeSettingTableViewCell.h */ = {isa = PBXFileReference; lastKnownFileType = sourcecode.c.h; path = AnyTimeMeSettingTableViewCell.h; sourceTree = "<group>"; };
		046B6DEF2D3691A700EE9EF7 /* AnyTimeMeSettingTableViewCell.m */ = {isa = PBXFileReference; lastKnownFileType = sourcecode.c.objc; path = AnyTimeMeSettingTableViewCell.m; sourceTree = "<group>"; };
		04E89A5E2D38BF6A008EA16E /* AnyTimeHUD.h */ = {isa = PBXFileReference; lastKnownFileType = sourcecode.c.h; path = AnyTimeHUD.h; sourceTree = "<group>"; };
		04E89A5F2D38BF6A008EA16E /* AnyTimeHUD.m */ = {isa = PBXFileReference; lastKnownFileType = sourcecode.c.objc; path = AnyTimeHUD.m; sourceTree = "<group>"; };
		04E89A622D38F2FB008EA16E /* AnyTimeHomeModel.h */ = {isa = PBXFileReference; lastKnownFileType = sourcecode.c.h; path = AnyTimeHomeModel.h; sourceTree = "<group>"; };
		04E89A632D38F2FB008EA16E /* AnyTimeHomeModel.m */ = {isa = PBXFileReference; lastKnownFileType = sourcecode.c.objc; path = AnyTimeHomeModel.m; sourceTree = "<group>"; };
		04E89A662D3C9D50008EA16E /* AnyTimeOrderModel.h */ = {isa = PBXFileReference; lastKnownFileType = sourcecode.c.h; path = AnyTimeOrderModel.h; sourceTree = "<group>"; };
		04E89A672D3C9D50008EA16E /* AnyTimeOrderModel.m */ = {isa = PBXFileReference; lastKnownFileType = sourcecode.c.objc; path = AnyTimeOrderModel.m; sourceTree = "<group>"; };
		04E89A6A2D3F9AE2008EA16E /* AnyTimeNoNetWorkViewController.h */ = {isa = PBXFileReference; lastKnownFileType = sourcecode.c.h; path = AnyTimeNoNetWorkViewController.h; sourceTree = "<group>"; };
		04E89A6B2D3F9AE2008EA16E /* AnyTimeNoNetWorkViewController.m */ = {isa = PBXFileReference; lastKnownFileType = sourcecode.c.objc; path = AnyTimeNoNetWorkViewController.m; sourceTree = "<group>"; };
		04E89A6D2D421F2C008EA16E /* AnyTimeDeviceInfoHelper.h */ = {isa = PBXFileReference; lastKnownFileType = sourcecode.c.h; path = AnyTimeDeviceInfoHelper.h; sourceTree = "<group>"; };
		04E89A6E2D421F2C008EA16E /* AnyTimeDeviceInfoHelper.m */ = {isa = PBXFileReference; lastKnownFileType = sourcecode.c.objc; path = AnyTimeDeviceInfoHelper.m; sourceTree = "<group>"; };
		04E89A702D423570008EA16E /* CoreTelephony.framework */ = {isa = PBXFileReference; lastKnownFileType = wrapper.framework; name = CoreTelephony.framework; path = System/Library/Frameworks/CoreTelephony.framework; sourceTree = SDKROOT; };
		2D1011C7969C9D06831050AF /* Pods-AnyTimeTests.release.xcconfig */ = {isa = PBXFileReference; includeInIndex = 1; lastKnownFileType = text.xcconfig; name = "Pods-AnyTimeTests.release.xcconfig"; path = "Target Support Files/Pods-AnyTimeTests/Pods-AnyTimeTests.release.xcconfig"; sourceTree = "<group>"; };
		3414FFF15DC354AEA7298D8F /* Pods-AnyTimeTests.debug.xcconfig */ = {isa = PBXFileReference; includeInIndex = 1; lastKnownFileType = text.xcconfig; name = "Pods-AnyTimeTests.debug.xcconfig"; path = "Target Support Files/Pods-AnyTimeTests/Pods-AnyTimeTests.debug.xcconfig"; sourceTree = "<group>"; };
		4D9BAC4A1E243BC4268E3570 /* Pods-AnyTime-AnyTimeUITests.debug.xcconfig */ = {isa = PBXFileReference; includeInIndex = 1; lastKnownFileType = text.xcconfig; name = "Pods-AnyTime-AnyTimeUITests.debug.xcconfig"; path = "Target Support Files/Pods-AnyTime-AnyTimeUITests/Pods-AnyTime-AnyTimeUITests.debug.xcconfig"; sourceTree = "<group>"; };
		5144912D00E9046812AF323D /* Pods_AnyTime.framework */ = {isa = PBXFileReference; explicitFileType = wrapper.framework; includeInIndex = 0; path = Pods_AnyTime.framework; sourceTree = BUILT_PRODUCTS_DIR; };
		657544092D34DC4F00A63988 /* AnyRouter.h */ = {isa = PBXFileReference; lastKnownFileType = sourcecode.c.h; path = AnyRouter.h; sourceTree = "<group>"; };
		6575440A2D34DC4F00A63988 /* AnyRouter.m */ = {isa = PBXFileReference; lastKnownFileType = sourcecode.c.objc; path = AnyRouter.m; sourceTree = "<group>"; };
		6575440C2D3505B700A63988 /* AnyDevHelper.h */ = {isa = PBXFileReference; lastKnownFileType = sourcecode.c.h; path = AnyDevHelper.h; sourceTree = "<group>"; };
		6575440D2D3505B700A63988 /* AnyDevHelper.m */ = {isa = PBXFileReference; lastKnownFileType = sourcecode.c.objc; path = AnyDevHelper.m; sourceTree = "<group>"; };
		6575440F2D35063F00A63988 /* AnyRouterTool.h */ = {isa = PBXFileReference; lastKnownFileType = sourcecode.c.h; path = AnyRouterTool.h; sourceTree = "<group>"; };
		657544102D35063F00A63988 /* AnyRouterTool.m */ = {isa = PBXFileReference; lastKnownFileType = sourcecode.c.objc; path = AnyRouterTool.m; sourceTree = "<group>"; };
		657544132D35207C00A63988 /* AnyCertificationDetailsViewController.h */ = {isa = PBXFileReference; lastKnownFileType = sourcecode.c.h; path = AnyCertificationDetailsViewController.h; sourceTree = "<group>"; };
		657544142D35207C00A63988 /* AnyCertificationDetailsViewController.m */ = {isa = PBXFileReference; lastKnownFileType = sourcecode.c.objc; path = AnyCertificationDetailsViewController.m; sourceTree = "<group>"; };
		657544162D3520D500A63988 /* AnyNavigationBarUtil.h */ = {isa = PBXFileReference; lastKnownFileType = sourcecode.c.h; path = AnyNavigationBarUtil.h; sourceTree = "<group>"; };
		657544172D3520D500A63988 /* AnyNavigationBarUtil.m */ = {isa = PBXFileReference; lastKnownFileType = sourcecode.c.objc; path = AnyNavigationBarUtil.m; sourceTree = "<group>"; };
		657544192D3522FF00A63988 /* AnyUIFactory.h */ = {isa = PBXFileReference; lastKnownFileType = sourcecode.c.h; path = AnyUIFactory.h; sourceTree = "<group>"; };
		6575441A2D3522FF00A63988 /* AnyUIFactory.m */ = {isa = PBXFileReference; lastKnownFileType = sourcecode.c.objc; path = AnyUIFactory.m; sourceTree = "<group>"; };
		657544602D36519C00A63988 /* UINavigationController+AutoHideTabBar.h */ = {isa = PBXFileReference; lastKnownFileType = sourcecode.c.h; path = "UINavigationController+AutoHideTabBar.h"; sourceTree = "<group>"; };
		657544612D36519C00A63988 /* UINavigationController+AutoHideTabBar.m */ = {isa = PBXFileReference; lastKnownFileType = sourcecode.c.objc; path = "UINavigationController+AutoHideTabBar.m"; sourceTree = "<group>"; };
		657544672D365EA200A63988 /* AnyBottomProductInfor.h */ = {isa = PBXFileReference; lastKnownFileType = sourcecode.c.h; path = AnyBottomProductInfor.h; sourceTree = "<group>"; };
		657544682D365EA200A63988 /* AnyBottomProductInfor.m */ = {isa = PBXFileReference; lastKnownFileType = sourcecode.c.objc; path = AnyBottomProductInfor.m; sourceTree = "<group>"; };
		6575446B2D369B5C00A63988 /* AnyCertificationDetailsCell.h */ = {isa = PBXFileReference; lastKnownFileType = sourcecode.c.h; path = AnyCertificationDetailsCell.h; sourceTree = "<group>"; };
		6575446C2D369B5C00A63988 /* AnyCertificationDetailsCell.m */ = {isa = PBXFileReference; lastKnownFileType = sourcecode.c.objc; path = AnyCertificationDetailsCell.m; sourceTree = "<group>"; };
		6575446F2D36AB7100A63988 /* AnyVerifyldentityBaseViewController.h */ = {isa = PBXFileReference; lastKnownFileType = sourcecode.c.h; path = AnyVerifyldentityBaseViewController.h; sourceTree = "<group>"; };
		657544702D36AB7100A63988 /* AnyVerifyldentityBaseViewController.m */ = {isa = PBXFileReference; lastKnownFileType = sourcecode.c.objc; path = AnyVerifyldentityBaseViewController.m; sourceTree = "<group>"; };
		657544722D36AC9E00A63988 /* AnyVerifyldentityIDTypeViewController.h */ = {isa = PBXFileReference; lastKnownFileType = sourcecode.c.h; path = AnyVerifyldentityIDTypeViewController.h; sourceTree = "<group>"; };
		657544732D36AC9E00A63988 /* AnyVerifyldentityIDTypeViewController.m */ = {isa = PBXFileReference; lastKnownFileType = sourcecode.c.objc; path = AnyVerifyldentityIDTypeViewController.m; sourceTree = "<group>"; };
		657544752D374A4A00A63988 /* AnyVerifyldentityIDTypeCell.h */ = {isa = PBXFileReference; lastKnownFileType = sourcecode.c.h; path = AnyVerifyldentityIDTypeCell.h; sourceTree = "<group>"; };
		657544762D374A4A00A63988 /* AnyVerifyldentityIDTypeCell.m */ = {isa = PBXFileReference; lastKnownFileType = sourcecode.c.objc; path = AnyVerifyldentityIDTypeCell.m; sourceTree = "<group>"; };
		6575447E2D376AF800A63988 /* AnyNetRequest.h */ = {isa = PBXFileReference; lastKnownFileType = sourcecode.c.h; path = AnyNetRequest.h; sourceTree = "<group>"; };
		6575447F2D376AF800A63988 /* AnyNetRequest.m */ = {isa = PBXFileReference; lastKnownFileType = sourcecode.c.objc; path = AnyNetRequest.m; sourceTree = "<group>"; };
		657544812D37719A00A63988 /* AnyVerifyldentity02ViewController.h */ = {isa = PBXFileReference; lastKnownFileType = sourcecode.c.h; path = AnyVerifyldentity02ViewController.h; sourceTree = "<group>"; };
		657544822D37719A00A63988 /* AnyVerifyldentity02ViewController.m */ = {isa = PBXFileReference; lastKnownFileType = sourcecode.c.objc; path = AnyVerifyldentity02ViewController.m; sourceTree = "<group>"; };
		657544842D37728100A63988 /* AnyVerifyldentity02Cell.h */ = {isa = PBXFileReference; lastKnownFileType = sourcecode.c.h; path = AnyVerifyldentity02Cell.h; sourceTree = "<group>"; };
		657544852D37728100A63988 /* AnyVerifyldentity02Cell.m */ = {isa = PBXFileReference; lastKnownFileType = sourcecode.c.objc; path = AnyVerifyldentity02Cell.m; sourceTree = "<group>"; };
		657544872D37920A00A63988 /* AnyURLString.h */ = {isa = PBXFileReference; lastKnownFileType = sourcecode.c.h; path = AnyURLString.h; sourceTree = "<group>"; };
		657544882D37A1A700A63988 /* AnyVerifyldentity03ViewController.h */ = {isa = PBXFileReference; lastKnownFileType = sourcecode.c.h; path = AnyVerifyldentity03ViewController.h; sourceTree = "<group>"; };
		657544892D37A1A700A63988 /* AnyVerifyldentity03ViewController.m */ = {isa = PBXFileReference; lastKnownFileType = sourcecode.c.objc; path = AnyVerifyldentity03ViewController.m; sourceTree = "<group>"; };
		6575448B2D37A8D700A63988 /* AnyVerifyldentitySuccessfulViewController.h */ = {isa = PBXFileReference; lastKnownFileType = sourcecode.c.h; path = AnyVerifyldentitySuccessfulViewController.h; sourceTree = "<group>"; };
		6575448C2D37A8D700A63988 /* AnyVerifyldentitySuccessfulViewController.m */ = {isa = PBXFileReference; lastKnownFileType = sourcecode.c.objc; path = AnyVerifyldentitySuccessfulViewController.m; sourceTree = "<group>"; };
		6575448E2D37B0F200A63988 /* AnyVerifyldentitySuccessfull01Cell.h */ = {isa = PBXFileReference; lastKnownFileType = sourcecode.c.h; path = AnyVerifyldentitySuccessfull01Cell.h; sourceTree = "<group>"; };
		6575448F2D37B0F200A63988 /* AnyVerifyldentitySuccessfull01Cell.m */ = {isa = PBXFileReference; lastKnownFileType = sourcecode.c.objc; path = AnyVerifyldentitySuccessfull01Cell.m; sourceTree = "<group>"; };
		657544922D37B93600A63988 /* AnyCertificationInfoCell.h */ = {isa = PBXFileReference; lastKnownFileType = sourcecode.c.h; path = AnyCertificationInfoCell.h; sourceTree = "<group>"; };
		657544932D37B93600A63988 /* AnyCertificationInfoCell.m */ = {isa = PBXFileReference; lastKnownFileType = sourcecode.c.objc; path = AnyCertificationInfoCell.m; sourceTree = "<group>"; };
		657544942D37B93600A63988 /* AnyCertificationInfoCell.xib */ = {isa = PBXFileReference; lastKnownFileType = file.xib; path = AnyCertificationInfoCell.xib; sourceTree = "<group>"; };
		657544982D37BC7C00A63988 /* AnyPersonalInforBaseViewController.h */ = {isa = PBXFileReference; lastKnownFileType = sourcecode.c.h; path = AnyPersonalInforBaseViewController.h; sourceTree = "<group>"; };
		657544992D37BC7C00A63988 /* AnyPersonalInforBaseViewController.m */ = {isa = PBXFileReference; lastKnownFileType = sourcecode.c.objc; path = AnyPersonalInforBaseViewController.m; sourceTree = "<group>"; };
		6575449B2D37BCAF00A63988 /* AnyPersonalInforViewController.h */ = {isa = PBXFileReference; lastKnownFileType = sourcecode.c.h; path = AnyPersonalInforViewController.h; sourceTree = "<group>"; };
		6575449C2D37BCAF00A63988 /* AnyPersonalInforViewController.m */ = {isa = PBXFileReference; lastKnownFileType = sourcecode.c.objc; path = AnyPersonalInforViewController.m; sourceTree = "<group>"; };
		6575449E2D37CC5D00A63988 /* AnyContactInforViewController.h */ = {isa = PBXFileReference; lastKnownFileType = sourcecode.c.h; path = AnyContactInforViewController.h; sourceTree = "<group>"; };
		6575449F2D37CC5D00A63988 /* AnyContactInforViewController.m */ = {isa = PBXFileReference; lastKnownFileType = sourcecode.c.objc; path = AnyContactInforViewController.m; sourceTree = "<group>"; };
		657544A22D37CE5900A63988 /* AnyContactInforCell.h */ = {isa = PBXFileReference; lastKnownFileType = sourcecode.c.h; path = AnyContactInforCell.h; sourceTree = "<group>"; };
		657544A32D37CE5900A63988 /* AnyContactInforCell.m */ = {isa = PBXFileReference; lastKnownFileType = sourcecode.c.objc; path = AnyContactInforCell.m; sourceTree = "<group>"; };
		657544A42D37CE5900A63988 /* AnyContactInforCell.xib */ = {isa = PBXFileReference; lastKnownFileType = file.xib; path = AnyContactInforCell.xib; sourceTree = "<group>"; };
		657544A72D37DD3C00A63988 /* AnyWithdrawalInfoViewController.h */ = {isa = PBXFileReference; lastKnownFileType = sourcecode.c.h; path = AnyWithdrawalInfoViewController.h; sourceTree = "<group>"; };
		657544A82D37DD3C00A63988 /* AnyWithdrawalInfoViewController.m */ = {isa = PBXFileReference; lastKnownFileType = sourcecode.c.objc; path = AnyWithdrawalInfoViewController.m; sourceTree = "<group>"; };
		657544AA2D37FA4E00A63988 /* AnyVerifyIdentityInfoConfirmedPop.h */ = {isa = PBXFileReference; lastKnownFileType = sourcecode.c.h; path = AnyVerifyIdentityInfoConfirmedPop.h; sourceTree = "<group>"; };
		657544AB2D37FA4E00A63988 /* AnyVerifyIdentityInfoConfirmedPop.m */ = {isa = PBXFileReference; lastKnownFileType = sourcecode.c.objc; path = AnyVerifyIdentityInfoConfirmedPop.m; sourceTree = "<group>"; };
		657544AD2D38001E00A63988 /* AnyInfoConfirmedView.h */ = {isa = PBXFileReference; lastKnownFileType = sourcecode.c.h; path = AnyInfoConfirmedView.h; sourceTree = "<group>"; };
		657544AE2D38001E00A63988 /* AnyInfoConfirmedView.m */ = {isa = PBXFileReference; lastKnownFileType = sourcecode.c.objc; path = AnyInfoConfirmedView.m; sourceTree = "<group>"; };
		657544E62D38A52800A63988 /* AnyAddressPop.h */ = {isa = PBXFileReference; lastKnownFileType = sourcecode.c.h; path = AnyAddressPop.h; sourceTree = "<group>"; };
		657544E72D38A52800A63988 /* AnyAddressPop.m */ = {isa = PBXFileReference; lastKnownFileType = sourcecode.c.objc; path = AnyAddressPop.m; sourceTree = "<group>"; };
		657544EA2D38A9BA00A63988 /* AnyAddressCell.h */ = {isa = PBXFileReference; lastKnownFileType = sourcecode.c.h; path = AnyAddressCell.h; sourceTree = "<group>"; };
		657544EB2D38A9BA00A63988 /* AnyAddressCell.m */ = {isa = PBXFileReference; lastKnownFileType = sourcecode.c.objc; path = AnyAddressCell.m; sourceTree = "<group>"; };
		657544ED2D38D99B00A63988 /* AnySelectPop.h */ = {isa = PBXFileReference; lastKnownFileType = sourcecode.c.h; path = AnySelectPop.h; sourceTree = "<group>"; };
		657544EE2D38D99B00A63988 /* AnySelectPop.m */ = {isa = PBXFileReference; lastKnownFileType = sourcecode.c.objc; path = AnySelectPop.m; sourceTree = "<group>"; };
		657544F12D38EB8200A63988 /* AnySelectCell.h */ = {isa = PBXFileReference; lastKnownFileType = sourcecode.c.h; path = AnySelectCell.h; sourceTree = "<group>"; };
		657544F22D38EB8200A63988 /* AnySelectCell.m */ = {isa = PBXFileReference; lastKnownFileType = sourcecode.c.objc; path = AnySelectCell.m; sourceTree = "<group>"; };
		657544F42D38F28600A63988 /* AnySelectModel.h */ = {isa = PBXFileReference; lastKnownFileType = sourcecode.c.h; path = AnySelectModel.h; sourceTree = "<group>"; };
		657544F52D38F28600A63988 /* AnySelectModel.m */ = {isa = PBXFileReference; lastKnownFileType = sourcecode.c.objc; path = AnySelectModel.m; sourceTree = "<group>"; };
		657544F72D390A2000A63988 /* AnyLocationManager.h */ = {isa = PBXFileReference; lastKnownFileType = sourcecode.c.h; path = AnyLocationManager.h; sourceTree = "<group>"; };
		657544F82D390A2000A63988 /* AnyLocationManager.m */ = {isa = PBXFileReference; lastKnownFileType = sourcecode.c.objc; path = AnyLocationManager.m; sourceTree = "<group>"; };
		657544FC2D3A131200A63988 /* AnyBeCommonWebViewController.h */ = {isa = PBXFileReference; lastKnownFileType = sourcecode.c.h; path = AnyBeCommonWebViewController.h; sourceTree = "<group>"; };
		657544FD2D3A131200A63988 /* AnyBeCommonWebViewController.m */ = {isa = PBXFileReference; lastKnownFileType = sourcecode.c.objc; path = AnyBeCommonWebViewController.m; sourceTree = "<group>"; };
		657544FF2D3A607900A63988 /* AnyCameraUtil.h */ = {isa = PBXFileReference; lastKnownFileType = sourcecode.c.h; path = AnyCameraUtil.h; sourceTree = "<group>"; };
		657545002D3A607900A63988 /* AnyCameraUtil.m */ = {isa = PBXFileReference; lastKnownFileType = sourcecode.c.objc; path = AnyCameraUtil.m; sourceTree = "<group>"; };
		657545022D3D098100A63988 /* AnyAreYouPop.h */ = {isa = PBXFileReference; lastKnownFileType = sourcecode.c.h; path = AnyAreYouPop.h; sourceTree = "<group>"; };
		657545032D3D098100A63988 /* AnyAreYouPop.m */ = {isa = PBXFileReference; lastKnownFileType = sourcecode.c.objc; path = AnyAreYouPop.m; sourceTree = "<group>"; };
		657545052D3E182200A63988 /* AnyContactManager.h */ = {isa = PBXFileReference; lastKnownFileType = sourcecode.c.h; path = AnyContactManager.h; sourceTree = "<group>"; };
		657545062D3E182200A63988 /* AnyContactManager.m */ = {isa = PBXFileReference; lastKnownFileType = sourcecode.c.objc; path = AnyContactManager.m; sourceTree = "<group>"; };
		657545082D41D4AE00A63988 /* LocationDictionaryHelper.h */ = {isa = PBXFileReference; lastKnownFileType = sourcecode.c.h; path = LocationDictionaryHelper.h; sourceTree = "<group>"; };
		657545092D41D4AE00A63988 /* LocationDictionaryHelper.m */ = {isa = PBXFileReference; lastKnownFileType = sourcecode.c.objc; path = LocationDictionaryHelper.m; sourceTree = "<group>"; };
		8B64C75E68F112EDC47D02D0 /* Pods-AnyTime.release.xcconfig */ = {isa = PBXFileReference; includeInIndex = 1; lastKnownFileType = text.xcconfig; name = "Pods-AnyTime.release.xcconfig"; path = "Target Support Files/Pods-AnyTime/Pods-AnyTime.release.xcconfig"; sourceTree = "<group>"; };
		C87E2FEB068C01887AD0C655 /* Pods-AnyTime-AnyTimeUITests.release.xcconfig */ = {isa = PBXFileReference; includeInIndex = 1; lastKnownFileType = text.xcconfig; name = "Pods-AnyTime-AnyTimeUITests.release.xcconfig"; path = "Target Support Files/Pods-AnyTime-AnyTimeUITests/Pods-AnyTime-AnyTimeUITests.release.xcconfig"; sourceTree = "<group>"; };
		CE4B7405F01A2FAB655AFF70 /* Pods_AnyTimeTests.framework */ = {isa = PBXFileReference; explicitFileType = wrapper.framework; includeInIndex = 0; path = Pods_AnyTimeTests.framework; sourceTree = BUILT_PRODUCTS_DIR; };
		D54DEB0F6F0DBB603337F2BB /* Pods-AnyTime.debug.xcconfig */ = {isa = PBXFileReference; includeInIndex = 1; lastKnownFileType = text.xcconfig; name = "Pods-AnyTime.debug.xcconfig"; path = "Target Support Files/Pods-AnyTime/Pods-AnyTime.debug.xcconfig"; sourceTree = "<group>"; };
/* End PBXFileReference section */

/* Begin PBXFrameworksBuildPhase section */
		046B6D5B2D30F74000EE9EF7 /* Frameworks */ = {
			isa = PBXFrameworksBuildPhase;
			buildActionMask = 2147483647;
			files = (
				04E89A712D423570008EA16E /* CoreTelephony.framework in Frameworks */,
				826F54C2EA19383470FFFE00 /* Pods_AnyTime.framework in Frameworks */,
			);
			runOnlyForDeploymentPostprocessing = 0;
		};
		046B6D762D30F74500EE9EF7 /* Frameworks */ = {
			isa = PBXFrameworksBuildPhase;
			buildActionMask = 2147483647;
			files = (
				8AADE94F471CDE3BFBDA66D7 /* Pods_AnyTimeTests.framework in Frameworks */,
			);
			runOnlyForDeploymentPostprocessing = 0;
		};
		046B6D802D30F74500EE9EF7 /* Frameworks */ = {
			isa = PBXFrameworksBuildPhase;
			buildActionMask = 2147483647;
			files = (
				F693A9FC492260D76D367A52 /* Pods_AnyTime_AnyTimeUITests.framework in Frameworks */,
			);
			runOnlyForDeploymentPostprocessing = 0;
		};
/* End PBXFrameworksBuildPhase section */

/* Begin PBXGroup section */
		046B6D552D30F74000EE9EF7 = {
			isa = PBXGroup;
			children = (
				046B6D602D30F74000EE9EF7 /* AnyTime */,
				046B6D7C2D30F74500EE9EF7 /* AnyTimeTests */,
				046B6D862D30F74500EE9EF7 /* AnyTimeUITests */,
				046B6D5F2D30F74000EE9EF7 /* Products */,
				39B15E13D3C472CE2E77D7B4 /* Pods */,
				D4419434A67CECABB965C0E6 /* Frameworks */,
			);
			sourceTree = "<group>";
		};
		046B6D5F2D30F74000EE9EF7 /* Products */ = {
			isa = PBXGroup;
			children = (
				046B6D5E2D30F74000EE9EF7 /* AnyTime.app */,
				046B6D792D30F74500EE9EF7 /* AnyTimeTests.xctest */,
				046B6D832D30F74500EE9EF7 /* AnyTimeUITests.xctest */,
			);
			name = Products;
			sourceTree = "<group>";
		};
		046B6D602D30F74000EE9EF7 /* AnyTime */ = {
			isa = PBXGroup;
			children = (
				657544122D35205F00A63988 /* AnyCertificationDetails */,
				657544062D34DC2500A63988 /* AnyTool */,
				046B6DB12D339E5700EE9EF7 /* AnyTimePublic */,
				046B6D612D30F74000EE9EF7 /* AppDelegate.h */,
				046B6D622D30F74000EE9EF7 /* AppDelegate.m */,
				046B6D672D30F74000EE9EF7 /* ViewController.h */,
				046B6D682D30F74000EE9EF7 /* ViewController.m */,
				04E89A692D3F9AB5008EA16E /* AnyTimeNoNetWork */,
				046B6DAC2D3393A500EE9EF7 /* AnyTimeLogin */,
				046B6DA62D337B9C00EE9EF7 /* AnyTimeGuidePage */,
				046B6D9A2D33617A00EE9EF7 /* AnyTimeHome */,
				046B6D9E2D33619D00EE9EF7 /* AnyTimeOrder */,
				046B6DA22D3361B600EE9EF7 /* AnyTimeMe */,
				046B6D962D335EB800EE9EF7 /* AnyTimeRoot */,
				046B6D6A2D30F74000EE9EF7 /* Main.storyboard */,
				046B6D6D2D30F74500EE9EF7 /* Assets.xcassets */,
				046B6D6F2D30F74500EE9EF7 /* LaunchScreen.storyboard */,
				046B6D722D30F74500EE9EF7 /* Info.plist */,
				046B6D732D30F74500EE9EF7 /* main.m */,
				046B6DB02D33958F00EE9EF7 /* AnyTime-Prefix.pch */,
			);
			path = AnyTime;
			sourceTree = "<group>";
		};
		046B6D7C2D30F74500EE9EF7 /* AnyTimeTests */ = {
			isa = PBXGroup;
			children = (
				046B6D7D2D30F74500EE9EF7 /* AnyTimeTests.m */,
			);
			path = AnyTimeTests;
			sourceTree = "<group>";
		};
		046B6D862D30F74500EE9EF7 /* AnyTimeUITests */ = {
			isa = PBXGroup;
			children = (
				046B6D872D30F74500EE9EF7 /* AnyTimeUITests.m */,
				046B6D892D30F74500EE9EF7 /* AnyTimeUITestsLaunchTests.m */,
			);
			path = AnyTimeUITests;
			sourceTree = "<group>";
		};
		046B6D962D335EB800EE9EF7 /* AnyTimeRoot */ = {
			isa = PBXGroup;
			children = (
				046B6D972D335F0500EE9EF7 /* AnyTimeRootBarViewController.h */,
				046B6D982D335F0600EE9EF7 /* AnyTimeRootBarViewController.m */,
			);
			path = AnyTimeRoot;
			sourceTree = "<group>";
		};
		046B6D9A2D33617A00EE9EF7 /* AnyTimeHome */ = {
			isa = PBXGroup;
			children = (
				04E89A612D38F2E0008EA16E /* Model */,
				046B6DD12D34B5F900EE9EF7 /* AnyTimeSmallCardSlotView */,
				046B6DC72D33DEBC00EE9EF7 /* AnyTimeLargeCardSlotView */,
				046B6D9B2D33619900EE9EF7 /* AnyTimeHomeViewController.h */,
				046B6D9C2D33619900EE9EF7 /* AnyTimeHomeViewController.m */,
			);
			path = AnyTimeHome;
			sourceTree = "<group>";
		};
		046B6D9E2D33619D00EE9EF7 /* AnyTimeOrder */ = {
			isa = PBXGroup;
			children = (
				04E89A652D3C9D35008EA16E /* Model */,
				046B6D9F2D3361B200EE9EF7 /* AnyTimeOrderViewController.h */,
				046B6DA02D3361B200EE9EF7 /* AnyTimeOrderViewController.m */,
				046B6DE12D36356800EE9EF7 /* AnyTimeOrderCardCell.h */,
				046B6DE22D36356800EE9EF7 /* AnyTimeOrderCardCell.m */,
				046B6DE42D364F2500EE9EF7 /* EmptyOrdersViewController.h */,
				046B6DE52D364F2500EE9EF7 /* EmptyOrdersViewController.m */,
			);
			path = AnyTimeOrder;
			sourceTree = "<group>";
		};
		046B6DA22D3361B600EE9EF7 /* AnyTimeMe */ = {
			isa = PBXGroup;
			children = (
				046B6DEA2D368D6F00EE9EF7 /* AnyTimeMeSetting */,
				046B6DA32D3361D200EE9EF7 /* AnyTimeMeViewController.h */,
				046B6DA42D3361D200EE9EF7 /* AnyTimeMeViewController.m */,
				046B6DE72D36892400EE9EF7 /* AnyTimeMeTableViewCell.h */,
				046B6DE82D36892400EE9EF7 /* AnyTimeMeTableViewCell.m */,
			);
			path = AnyTimeMe;
			sourceTree = "<group>";
		};
		046B6DA62D337B9C00EE9EF7 /* AnyTimeGuidePage */ = {
			isa = PBXGroup;
			children = (
				046B6DA72D337BAB00EE9EF7 /* AnyTimeGuidePageViewController.h */,
				046B6DA82D337BAB00EE9EF7 /* AnyTimeGuidePageViewController.m */,
			);
			path = AnyTimeGuidePage;
			sourceTree = "<group>";
		};
		046B6DAC2D3393A500EE9EF7 /* AnyTimeLogin */ = {
			isa = PBXGroup;
			children = (
				046B6DAD2D3393E900EE9EF7 /* AnyTimeLoginViewController.h */,
				046B6DAE2D3393E900EE9EF7 /* AnyTimeLoginViewController.m */,
			);
			path = AnyTimeLogin;
			sourceTree = "<group>";
		};
		046B6DB12D339E5700EE9EF7 /* AnyTimePublic */ = {
			isa = PBXGroup;
			children = (
				046B6DB22D339E8200EE9EF7 /* AnyTimeCustomTextField.h */,
				046B6DB32D339E8200EE9EF7 /* AnyTimeCustomTextField.m */,
				046B6DC82D33E94D00EE9EF7 /* AnyTimePublic.h */,
				046B6DC92D33E94D00EE9EF7 /* AnyTimePublic.m */,
				046B6DCB2D34AF6200EE9EF7 /* BorderLabel.h */,
				046B6DCC2D34AF6200EE9EF7 /* BorderLabel.m */,
				046B6DCE2D34B1B200EE9EF7 /* GradientBorderLabel.h */,
				046B6DCF2D34B1B200EE9EF7 /* GradientBorderLabel.m */,
				046B6DDB2D34E45400EE9EF7 /* OutlineLabel.h */,
				046B6DDC2D34E45400EE9EF7 /* OutlineLabel.m */,
				046B6DDE2D3512D400EE9EF7 /* AnyTimeCustomPopupView.h */,
				046B6DDF2D3512D400EE9EF7 /* AnyTimeCustomPopupView.m */,
				04690EED2D3788EF00BB8F5A /* UIButton+AnyEdge.h */,
				04690EEE2D3788EF00BB8F5A /* UIButton+AnyEdge.m */,
				04E89A6D2D421F2C008EA16E /* AnyTimeDeviceInfoHelper.h */,
				04E89A6E2D421F2C008EA16E /* AnyTimeDeviceInfoHelper.m */,
			);
			path = AnyTimePublic;
			sourceTree = "<group>";
		};
		046B6DC72D33DEBC00EE9EF7 /* AnyTimeLargeCardSlotView */ = {
			isa = PBXGroup;
			children = (
				046B6DB52D33D90700EE9EF7 /* AnyTimeLargeCardSlotView.h */,
				046B6DB62D33D90700EE9EF7 /* AnyTimeLargeCardSlotView.m */,
				046B6DBB2D33DE5400EE9EF7 /* AnyTimeLargeCardSlotFirstCell.h */,
				046B6DBC2D33DE5400EE9EF7 /* AnyTimeLargeCardSlotFirstCell.m */,
				046B6DBE2D33DE7000EE9EF7 /* AnyTimeLargeCardSlotSecondCell.h */,
				046B6DBF2D33DE7000EE9EF7 /* AnyTimeLargeCardSlotSecondCell.m */,
				046B6DC12D33DE8100EE9EF7 /* AnyTimeLargeCardSlotThirdCell.h */,
				046B6DC22D33DE8100EE9EF7 /* AnyTimeLargeCardSlotThirdCell.m */,
				046B6DC42D33DEB400EE9EF7 /* AnyTimeLargeCardSlotFourthCell.h */,
				046B6DC52D33DEB400EE9EF7 /* AnyTimeLargeCardSlotFourthCell.m */,
			);
			path = AnyTimeLargeCardSlotView;
			sourceTree = "<group>";
		};
		046B6DD12D34B5F900EE9EF7 /* AnyTimeSmallCardSlotView */ = {
			isa = PBXGroup;
			children = (
				046B6DB82D33D91900EE9EF7 /* AnyTimeSmallCardSlotView.h */,
				046B6DB92D33D91900EE9EF7 /* AnyTimeSmallCardSlotView.m */,
				046B6DD22D34B75100EE9EF7 /* AnyTimeSmallCardSlotFirstCell.h */,
				046B6DD32D34B75100EE9EF7 /* AnyTimeSmallCardSlotFirstCell.m */,
				046B6DD52D34B76000EE9EF7 /* AnyTimeSmallCardSlotSecondCell.h */,
				046B6DD62D34B76000EE9EF7 /* AnyTimeSmallCardSlotSecondCell.m */,
				046B6DD82D34B76F00EE9EF7 /* AnyTimeSmallCardSlotThirdCell.h */,
				046B6DD92D34B76F00EE9EF7 /* AnyTimeSmallCardSlotThirdCell.m */,
			);
			path = AnyTimeSmallCardSlotView;
			sourceTree = "<group>";
		};
		046B6DEA2D368D6F00EE9EF7 /* AnyTimeMeSetting */ = {
			isa = PBXGroup;
			children = (
				046B6DEB2D368D9100EE9EF7 /* AnyTimeMeSettingViewController.h */,
				046B6DEC2D368D9100EE9EF7 /* AnyTimeMeSettingViewController.m */,
				046B6DEE2D3691A700EE9EF7 /* AnyTimeMeSettingTableViewCell.h */,
				046B6DEF2D3691A700EE9EF7 /* AnyTimeMeSettingTableViewCell.m */,
			);
			path = AnyTimeMeSetting;
			sourceTree = "<group>";
		};
		04E89A612D38F2E0008EA16E /* Model */ = {
			isa = PBXGroup;
			children = (
				04E89A622D38F2FB008EA16E /* AnyTimeHomeModel.h */,
				04E89A632D38F2FB008EA16E /* AnyTimeHomeModel.m */,
			);
			path = Model;
			sourceTree = "<group>";
		};
		04E89A652D3C9D35008EA16E /* Model */ = {
			isa = PBXGroup;
			children = (
				04E89A662D3C9D50008EA16E /* AnyTimeOrderModel.h */,
				04E89A672D3C9D50008EA16E /* AnyTimeOrderModel.m */,
			);
			path = Model;
			sourceTree = "<group>";
		};
		04E89A692D3F9AB5008EA16E /* AnyTimeNoNetWork */ = {
			isa = PBXGroup;
			children = (
				04E89A6A2D3F9AE2008EA16E /* AnyTimeNoNetWorkViewController.h */,
				04E89A6B2D3F9AE2008EA16E /* AnyTimeNoNetWorkViewController.m */,
			);
			path = AnyTimeNoNetWork;
			sourceTree = "<group>";
		};
		39B15E13D3C472CE2E77D7B4 /* Pods */ = {
			isa = PBXGroup;
			children = (
				D54DEB0F6F0DBB603337F2BB /* Pods-AnyTime.debug.xcconfig */,
				8B64C75E68F112EDC47D02D0 /* Pods-AnyTime.release.xcconfig */,
				4D9BAC4A1E243BC4268E3570 /* Pods-AnyTime-AnyTimeUITests.debug.xcconfig */,
				C87E2FEB068C01887AD0C655 /* Pods-AnyTime-AnyTimeUITests.release.xcconfig */,
				3414FFF15DC354AEA7298D8F /* Pods-AnyTimeTests.debug.xcconfig */,
				2D1011C7969C9D06831050AF /* Pods-AnyTimeTests.release.xcconfig */,
			);
			path = Pods;
			sourceTree = "<group>";
		};
		657544062D34DC2500A63988 /* AnyTool */ = {
			isa = PBXGroup;
			children = (
				657544F02D38EB7100A63988 /* AnySelectCell */,
				657544E92D38A99A00A63988 /* AnyAddressCell */,
				657544092D34DC4F00A63988 /* AnyRouter.h */,
				6575440A2D34DC4F00A63988 /* AnyRouter.m */,
				6575440C2D3505B700A63988 /* AnyDevHelper.h */,
				6575440D2D3505B700A63988 /* AnyDevHelper.m */,
				6575440F2D35063F00A63988 /* AnyRouterTool.h */,
				657544102D35063F00A63988 /* AnyRouterTool.m */,
				657544162D3520D500A63988 /* AnyNavigationBarUtil.h */,
				657544172D3520D500A63988 /* AnyNavigationBarUtil.m */,
				6575447E2D376AF800A63988 /* AnyNetRequest.h */,
				6575447F2D376AF800A63988 /* AnyNetRequest.m */,
				657544192D3522FF00A63988 /* AnyUIFactory.h */,
				6575441A2D3522FF00A63988 /* AnyUIFactory.m */,
				657544602D36519C00A63988 /* UINavigationController+AutoHideTabBar.h */,
				657544612D36519C00A63988 /* UINavigationController+AutoHideTabBar.m */,
				657544872D37920A00A63988 /* AnyURLString.h */,
				04690EF02D37CBF600BB8F5A /* AnyHttpTool.h */,
				04690EF12D37CBF600BB8F5A /* AnyHttpTool.m */,
				04E89A5E2D38BF6A008EA16E /* AnyTimeHUD.h */,
				04E89A5F2D38BF6A008EA16E /* AnyTimeHUD.m */,
				657544E62D38A52800A63988 /* AnyAddressPop.h */,
				657544E72D38A52800A63988 /* AnyAddressPop.m */,
				657544ED2D38D99B00A63988 /* AnySelectPop.h */,
				657544EE2D38D99B00A63988 /* AnySelectPop.m */,
				657544F72D390A2000A63988 /* AnyLocationManager.h */,
				657544F82D390A2000A63988 /* AnyLocationManager.m */,
				657544FC2D3A131200A63988 /* AnyBeCommonWebViewController.h */,
				657544FD2D3A131200A63988 /* AnyBeCommonWebViewController.m */,
				657544FF2D3A607900A63988 /* AnyCameraUtil.h */,
				657545002D3A607900A63988 /* AnyCameraUtil.m */,
				657545022D3D098100A63988 /* AnyAreYouPop.h */,
				657545032D3D098100A63988 /* AnyAreYouPop.m */,
				657545052D3E182200A63988 /* AnyContactManager.h */,
				657545062D3E182200A63988 /* AnyContactManager.m */,
				657545082D41D4AE00A63988 /* LocationDictionaryHelper.h */,
				657545092D41D4AE00A63988 /* LocationDictionaryHelper.m */,
			);
			path = AnyTool;
			sourceTree = "<group>";
		};
		657544122D35205F00A63988 /* AnyCertificationDetails */ = {
			isa = PBXGroup;
			children = (
				657544A12D37CE3C00A63988 /* AnyContactInforCell */,
				657544972D37BC4900A63988 /* Personal Information */,
				657544912D37B76E00A63988 /* AnyCertificationInfoCell */,
				6575446E2D36AB4A00A63988 /* Verify ldentity */,
				6575446A2D369B3700A63988 /* AnyCertificationDetailsCell */,
				657544632D365E5000A63988 /* ProductInformation */,
				657544132D35207C00A63988 /* AnyCertificationDetailsViewController.h */,
				657544142D35207C00A63988 /* AnyCertificationDetailsViewController.m */,
			);
			path = AnyCertificationDetails;
			sourceTree = "<group>";
		};
		657544632D365E5000A63988 /* ProductInformation */ = {
			isa = PBXGroup;
			children = (
				657544672D365EA200A63988 /* AnyBottomProductInfor.h */,
				657544682D365EA200A63988 /* AnyBottomProductInfor.m */,
			);
			path = ProductInformation;
			sourceTree = "<group>";
		};
		6575446A2D369B3700A63988 /* AnyCertificationDetailsCell */ = {
			isa = PBXGroup;
			children = (
				6575446B2D369B5C00A63988 /* AnyCertificationDetailsCell.h */,
				6575446C2D369B5C00A63988 /* AnyCertificationDetailsCell.m */,
			);
			path = AnyCertificationDetailsCell;
			sourceTree = "<group>";
		};
		6575446E2D36AB4A00A63988 /* Verify ldentity */ = {
			isa = PBXGroup;
			children = (
				6575446F2D36AB7100A63988 /* AnyVerifyldentityBaseViewController.h */,
				657544702D36AB7100A63988 /* AnyVerifyldentityBaseViewController.m */,
				657544722D36AC9E00A63988 /* AnyVerifyldentityIDTypeViewController.h */,
				657544732D36AC9E00A63988 /* AnyVerifyldentityIDTypeViewController.m */,
				657544752D374A4A00A63988 /* AnyVerifyldentityIDTypeCell.h */,
				657544762D374A4A00A63988 /* AnyVerifyldentityIDTypeCell.m */,
				657544812D37719A00A63988 /* AnyVerifyldentity02ViewController.h */,
				657544822D37719A00A63988 /* AnyVerifyldentity02ViewController.m */,
				657544842D37728100A63988 /* AnyVerifyldentity02Cell.h */,
				657544852D37728100A63988 /* AnyVerifyldentity02Cell.m */,
				657544882D37A1A700A63988 /* AnyVerifyldentity03ViewController.h */,
				657544892D37A1A700A63988 /* AnyVerifyldentity03ViewController.m */,
				6575448B2D37A8D700A63988 /* AnyVerifyldentitySuccessfulViewController.h */,
				6575448C2D37A8D700A63988 /* AnyVerifyldentitySuccessfulViewController.m */,
				6575448E2D37B0F200A63988 /* AnyVerifyldentitySuccessfull01Cell.h */,
				6575448F2D37B0F200A63988 /* AnyVerifyldentitySuccessfull01Cell.m */,
				657544AA2D37FA4E00A63988 /* AnyVerifyIdentityInfoConfirmedPop.h */,
				657544AB2D37FA4E00A63988 /* AnyVerifyIdentityInfoConfirmedPop.m */,
				657544AD2D38001E00A63988 /* AnyInfoConfirmedView.h */,
				657544AE2D38001E00A63988 /* AnyInfoConfirmedView.m */,
			);
			path = "Verify ldentity";
			sourceTree = "<group>";
		};
		657544912D37B76E00A63988 /* AnyCertificationInfoCell */ = {
			isa = PBXGroup;
			children = (
				657544922D37B93600A63988 /* AnyCertificationInfoCell.h */,
				657544932D37B93600A63988 /* AnyCertificationInfoCell.m */,
				657544942D37B93600A63988 /* AnyCertificationInfoCell.xib */,
			);
			path = AnyCertificationInfoCell;
			sourceTree = "<group>";
		};
		657544972D37BC4900A63988 /* Personal Information */ = {
			isa = PBXGroup;
			children = (
				657544982D37BC7C00A63988 /* AnyPersonalInforBaseViewController.h */,
				657544992D37BC7C00A63988 /* AnyPersonalInforBaseViewController.m */,
				6575449B2D37BCAF00A63988 /* AnyPersonalInforViewController.h */,
				6575449C2D37BCAF00A63988 /* AnyPersonalInforViewController.m */,
				6575449E2D37CC5D00A63988 /* AnyContactInforViewController.h */,
				6575449F2D37CC5D00A63988 /* AnyContactInforViewController.m */,
				657544A72D37DD3C00A63988 /* AnyWithdrawalInfoViewController.h */,
				657544A82D37DD3C00A63988 /* AnyWithdrawalInfoViewController.m */,
			);
			path = "Personal Information";
			sourceTree = "<group>";
		};
		657544A12D37CE3C00A63988 /* AnyContactInforCell */ = {
			isa = PBXGroup;
			children = (
				657544A22D37CE5900A63988 /* AnyContactInforCell.h */,
				657544A32D37CE5900A63988 /* AnyContactInforCell.m */,
				657544A42D37CE5900A63988 /* AnyContactInforCell.xib */,
			);
			path = AnyContactInforCell;
			sourceTree = "<group>";
		};
		657544E92D38A99A00A63988 /* AnyAddressCell */ = {
			isa = PBXGroup;
			children = (
				657544EA2D38A9BA00A63988 /* AnyAddressCell.h */,
				657544EB2D38A9BA00A63988 /* AnyAddressCell.m */,
			);
			path = AnyAddressCell;
			sourceTree = "<group>";
		};
		657544F02D38EB7100A63988 /* AnySelectCell */ = {
			isa = PBXGroup;
			children = (
				657544F12D38EB8200A63988 /* AnySelectCell.h */,
				657544F22D38EB8200A63988 /* AnySelectCell.m */,
				657544F42D38F28600A63988 /* AnySelectModel.h */,
				657544F52D38F28600A63988 /* AnySelectModel.m */,
			);
			path = AnySelectCell;
			sourceTree = "<group>";
		};
		D4419434A67CECABB965C0E6 /* Frameworks */ = {
			isa = PBXGroup;
			children = (
				04E89A702D423570008EA16E /* CoreTelephony.framework */,
				5144912D00E9046812AF323D /* Pods_AnyTime.framework */,
				01D88D01DB36709394BB553A /* Pods_AnyTime_AnyTimeUITests.framework */,
				CE4B7405F01A2FAB655AFF70 /* Pods_AnyTimeTests.framework */,
			);
			name = Frameworks;
			sourceTree = "<group>";
		};
/* End PBXGroup section */

/* Begin PBXNativeTarget section */
		046B6D5D2D30F74000EE9EF7 /* AnyTime */ = {
			isa = PBXNativeTarget;
			buildConfigurationList = 046B6D8D2D30F74500EE9EF7 /* Build configuration list for PBXNativeTarget "AnyTime" */;
			buildPhases = (
				1A11038FB7A3BFBAB8A585EA /* [CP] Check Pods Manifest.lock */,
				046B6D5A2D30F74000EE9EF7 /* Sources */,
				046B6D5B2D30F74000EE9EF7 /* Frameworks */,
				046B6D5C2D30F74000EE9EF7 /* Resources */,
				EEC86E089001A30B0E6B4F13 /* [CP] Embed Pods Frameworks */,
			);
			buildRules = (
			);
			dependencies = (
			);
			name = AnyTime;
			productName = AnyTime;
			productReference = 046B6D5E2D30F74000EE9EF7 /* AnyTime.app */;
			productType = "com.apple.product-type.application";
		};
		046B6D782D30F74500EE9EF7 /* AnyTimeTests */ = {
			isa = PBXNativeTarget;
			buildConfigurationList = 046B6D902D30F74500EE9EF7 /* Build configuration list for PBXNativeTarget "AnyTimeTests" */;
			buildPhases = (
				A9B064340D6570132B0C2ADB /* [CP] Check Pods Manifest.lock */,
				046B6D752D30F74500EE9EF7 /* Sources */,
				046B6D762D30F74500EE9EF7 /* Frameworks */,
				046B6D772D30F74500EE9EF7 /* Resources */,
			);
			buildRules = (
			);
			dependencies = (
				046B6D7B2D30F74500EE9EF7 /* PBXTargetDependency */,
			);
			name = AnyTimeTests;
			productName = AnyTimeTests;
			productReference = 046B6D792D30F74500EE9EF7 /* AnyTimeTests.xctest */;
			productType = "com.apple.product-type.bundle.unit-test";
		};
		046B6D822D30F74500EE9EF7 /* AnyTimeUITests */ = {
			isa = PBXNativeTarget;
			buildConfigurationList = 046B6D932D30F74500EE9EF7 /* Build configuration list for PBXNativeTarget "AnyTimeUITests" */;
			buildPhases = (
				69668B3CDEF31916A66FB11D /* [CP] Check Pods Manifest.lock */,
				046B6D7F2D30F74500EE9EF7 /* Sources */,
				046B6D802D30F74500EE9EF7 /* Frameworks */,
				046B6D812D30F74500EE9EF7 /* Resources */,
				8747D4D6658550E7D22AEF8E /* [CP] Embed Pods Frameworks */,
			);
			buildRules = (
			);
			dependencies = (
				046B6D852D30F74500EE9EF7 /* PBXTargetDependency */,
			);
			name = AnyTimeUITests;
			productName = AnyTimeUITests;
			productReference = 046B6D832D30F74500EE9EF7 /* AnyTimeUITests.xctest */;
			productType = "com.apple.product-type.bundle.ui-testing";
		};
/* End PBXNativeTarget section */

/* Begin PBXProject section */
		046B6D562D30F74000EE9EF7 /* Project object */ = {
			isa = PBXProject;
			attributes = {
				BuildIndependentTargetsInParallel = 1;
				LastUpgradeCheck = 1500;
				TargetAttributes = {
					046B6D5D2D30F74000EE9EF7 = {
						CreatedOnToolsVersion = 15.0.1;
					};
					046B6D782D30F74500EE9EF7 = {
						CreatedOnToolsVersion = 15.0.1;
						TestTargetID = 046B6D5D2D30F74000EE9EF7;
					};
					046B6D822D30F74500EE9EF7 = {
						CreatedOnToolsVersion = 15.0.1;
						TestTargetID = 046B6D5D2D30F74000EE9EF7;
					};
				};
			};
			buildConfigurationList = 046B6D592D30F74000EE9EF7 /* Build configuration list for PBXProject "AnyTime" */;
			compatibilityVersion = "Xcode 14.0";
			developmentRegion = en;
			hasScannedForEncodings = 0;
			knownRegions = (
				en,
				Base,
			);
			mainGroup = 046B6D552D30F74000EE9EF7;
			productRefGroup = 046B6D5F2D30F74000EE9EF7 /* Products */;
			projectDirPath = "";
			projectRoot = "";
			targets = (
				046B6D5D2D30F74000EE9EF7 /* AnyTime */,
				046B6D782D30F74500EE9EF7 /* AnyTimeTests */,
				046B6D822D30F74500EE9EF7 /* AnyTimeUITests */,
			);
		};
/* End PBXProject section */

/* Begin PBXResourcesBuildPhase section */
		046B6D5C2D30F74000EE9EF7 /* Resources */ = {
			isa = PBXResourcesBuildPhase;
			buildActionMask = 2147483647;
			files = (
				046B6D712D30F74500EE9EF7 /* LaunchScreen.storyboard in Resources */,
				657544962D37B93600A63988 /* AnyCertificationInfoCell.xib in Resources */,
				046B6D6E2D30F74500EE9EF7 /* Assets.xcassets in Resources */,
				046B6D6C2D30F74000EE9EF7 /* Main.storyboard in Resources */,
				657544A52D37CE5900A63988 /* AnyContactInforCell.xib in Resources */,
			);
			runOnlyForDeploymentPostprocessing = 0;
		};
		046B6D772D30F74500EE9EF7 /* Resources */ = {
			isa = PBXResourcesBuildPhase;
			buildActionMask = 2147483647;
			files = (
			);
			runOnlyForDeploymentPostprocessing = 0;
		};
		046B6D812D30F74500EE9EF7 /* Resources */ = {
			isa = PBXResourcesBuildPhase;
			buildActionMask = 2147483647;
			files = (
			);
			runOnlyForDeploymentPostprocessing = 0;
		};
/* End PBXResourcesBuildPhase section */

/* Begin PBXShellScriptBuildPhase section */
		1A11038FB7A3BFBAB8A585EA /* [CP] Check Pods Manifest.lock */ = {
			isa = PBXShellScriptBuildPhase;
			buildActionMask = 2147483647;
			files = (
			);
			inputFileListPaths = (
			);
			inputPaths = (
				"${PODS_PODFILE_DIR_PATH}/Podfile.lock",
				"${PODS_ROOT}/Manifest.lock",
			);
			name = "[CP] Check Pods Manifest.lock";
			outputFileListPaths = (
			);
			outputPaths = (
				"$(DERIVED_FILE_DIR)/Pods-AnyTime-checkManifestLockResult.txt",
			);
			runOnlyForDeploymentPostprocessing = 0;
			shellPath = /bin/sh;
			shellScript = "diff \"${PODS_PODFILE_DIR_PATH}/Podfile.lock\" \"${PODS_ROOT}/Manifest.lock\" > /dev/null\nif [ $? != 0 ] ; then\n    # print error to STDERR\n    echo \"error: The sandbox is not in sync with the Podfile.lock. Run 'pod install' or update your CocoaPods installation.\" >&2\n    exit 1\nfi\n# This output is used by Xcode 'outputs' to avoid re-running this script phase.\necho \"SUCCESS\" > \"${SCRIPT_OUTPUT_FILE_0}\"\n";
			showEnvVarsInLog = 0;
		};
		69668B3CDEF31916A66FB11D /* [CP] Check Pods Manifest.lock */ = {
			isa = PBXShellScriptBuildPhase;
			buildActionMask = 2147483647;
			files = (
			);
			inputFileListPaths = (
			);
			inputPaths = (
				"${PODS_PODFILE_DIR_PATH}/Podfile.lock",
				"${PODS_ROOT}/Manifest.lock",
			);
			name = "[CP] Check Pods Manifest.lock";
			outputFileListPaths = (
			);
			outputPaths = (
				"$(DERIVED_FILE_DIR)/Pods-AnyTime-AnyTimeUITests-checkManifestLockResult.txt",
			);
			runOnlyForDeploymentPostprocessing = 0;
			shellPath = /bin/sh;
			shellScript = "diff \"${PODS_PODFILE_DIR_PATH}/Podfile.lock\" \"${PODS_ROOT}/Manifest.lock\" > /dev/null\nif [ $? != 0 ] ; then\n    # print error to STDERR\n    echo \"error: The sandbox is not in sync with the Podfile.lock. Run 'pod install' or update your CocoaPods installation.\" >&2\n    exit 1\nfi\n# This output is used by Xcode 'outputs' to avoid re-running this script phase.\necho \"SUCCESS\" > \"${SCRIPT_OUTPUT_FILE_0}\"\n";
			showEnvVarsInLog = 0;
		};
		8747D4D6658550E7D22AEF8E /* [CP] Embed Pods Frameworks */ = {
			isa = PBXShellScriptBuildPhase;
			buildActionMask = 2147483647;
			files = (
			);
			inputFileListPaths = (
				"${PODS_ROOT}/Target Support Files/Pods-AnyTime-AnyTimeUITests/Pods-AnyTime-AnyTimeUITests-frameworks-${CONFIGURATION}-input-files.xcfilelist",
			);
			name = "[CP] Embed Pods Frameworks";
			outputFileListPaths = (
				"${PODS_ROOT}/Target Support Files/Pods-AnyTime-AnyTimeUITests/Pods-AnyTime-AnyTimeUITests-frameworks-${CONFIGURATION}-output-files.xcfilelist",
			);
			runOnlyForDeploymentPostprocessing = 0;
			shellPath = /bin/sh;
			shellScript = "\"${PODS_ROOT}/Target Support Files/Pods-AnyTime-AnyTimeUITests/Pods-AnyTime-AnyTimeUITests-frameworks.sh\"\n";
			showEnvVarsInLog = 0;
		};
		A9B064340D6570132B0C2ADB /* [CP] Check Pods Manifest.lock */ = {
			isa = PBXShellScriptBuildPhase;
			buildActionMask = 2147483647;
			files = (
			);
			inputFileListPaths = (
			);
			inputPaths = (
				"${PODS_PODFILE_DIR_PATH}/Podfile.lock",
				"${PODS_ROOT}/Manifest.lock",
			);
			name = "[CP] Check Pods Manifest.lock";
			outputFileListPaths = (
			);
			outputPaths = (
				"$(DERIVED_FILE_DIR)/Pods-AnyTimeTests-checkManifestLockResult.txt",
			);
			runOnlyForDeploymentPostprocessing = 0;
			shellPath = /bin/sh;
			shellScript = "diff \"${PODS_PODFILE_DIR_PATH}/Podfile.lock\" \"${PODS_ROOT}/Manifest.lock\" > /dev/null\nif [ $? != 0 ] ; then\n    # print error to STDERR\n    echo \"error: The sandbox is not in sync with the Podfile.lock. Run 'pod install' or update your CocoaPods installation.\" >&2\n    exit 1\nfi\n# This output is used by Xcode 'outputs' to avoid re-running this script phase.\necho \"SUCCESS\" > \"${SCRIPT_OUTPUT_FILE_0}\"\n";
			showEnvVarsInLog = 0;
		};
		EEC86E089001A30B0E6B4F13 /* [CP] Embed Pods Frameworks */ = {
			isa = PBXShellScriptBuildPhase;
			buildActionMask = 2147483647;
			files = (
			);
			inputFileListPaths = (
				"${PODS_ROOT}/Target Support Files/Pods-AnyTime/Pods-AnyTime-frameworks-${CONFIGURATION}-input-files.xcfilelist",
			);
			name = "[CP] Embed Pods Frameworks";
			outputFileListPaths = (
				"${PODS_ROOT}/Target Support Files/Pods-AnyTime/Pods-AnyTime-frameworks-${CONFIGURATION}-output-files.xcfilelist",
			);
			runOnlyForDeploymentPostprocessing = 0;
			shellPath = /bin/sh;
			shellScript = "\"${PODS_ROOT}/Target Support Files/Pods-AnyTime/Pods-AnyTime-frameworks.sh\"\n";
			showEnvVarsInLog = 0;
		};
/* End PBXShellScriptBuildPhase section */

/* Begin PBXSourcesBuildPhase section */
		046B6D5A2D30F74000EE9EF7 /* Sources */ = {
			isa = PBXSourcesBuildPhase;
			buildActionMask = 2147483647;
			files = (
				657544712D36AB7100A63988 /* AnyVerifyldentityBaseViewController.m in Sources */,
				04E89A6C2D3F9AE2008EA16E /* AnyTimeNoNetWorkViewController.m in Sources */,
				6575446D2D369B5C00A63988 /* AnyCertificationDetailsCell.m in Sources */,
				046B6DA92D337BAB00EE9EF7 /* AnyTimeGuidePageViewController.m in Sources */,
				657545012D3A607900A63988 /* AnyCameraUtil.m in Sources */,
				657544112D35063F00A63988 /* AnyRouterTool.m in Sources */,
				046B6D992D335F0600EE9EF7 /* AnyTimeRootBarViewController.m in Sources */,
				046B6DD42D34B75100EE9EF7 /* AnyTimeSmallCardSlotFirstCell.m in Sources */,
				046B6DC62D33DEB400EE9EF7 /* AnyTimeLargeCardSlotFourthCell.m in Sources */,
				046B6DE02D3512D400EE9EF7 /* AnyTimeCustomPopupView.m in Sources */,
				657544802D376AF800A63988 /* AnyNetRequest.m in Sources */,
				657544EC2D38A9BA00A63988 /* AnyAddressCell.m in Sources */,
				046B6DA12D3361B200EE9EF7 /* AnyTimeOrderViewController.m in Sources */,
				657544F92D390A2000A63988 /* AnyLocationManager.m in Sources */,
				657544622D36519C00A63988 /* UINavigationController+AutoHideTabBar.m in Sources */,
				046B6DB72D33D90700EE9EF7 /* AnyTimeLargeCardSlotView.m in Sources */,
				04E89A6F2D421F2C008EA16E /* AnyTimeDeviceInfoHelper.m in Sources */,
				046B6DC32D33DE8100EE9EF7 /* AnyTimeLargeCardSlotThirdCell.m in Sources */,
				6575449A2D37BC7C00A63988 /* AnyPersonalInforBaseViewController.m in Sources */,
				657544A62D37CE5900A63988 /* AnyContactInforCell.m in Sources */,
				046B6D692D30F74000EE9EF7 /* ViewController.m in Sources */,
				657544F32D38EB8200A63988 /* AnySelectCell.m in Sources */,
				046B6DA52D3361D200EE9EF7 /* AnyTimeMeViewController.m in Sources */,
				657544AC2D37FA4E00A63988 /* AnyVerifyIdentityInfoConfirmedPop.m in Sources */,
				046B6DDA2D34B76F00EE9EF7 /* AnyTimeSmallCardSlotThirdCell.m in Sources */,
				657545072D3E182200A63988 /* AnyContactManager.m in Sources */,
				657544152D35207C00A63988 /* AnyCertificationDetailsViewController.m in Sources */,
				657544692D365EA200A63988 /* AnyBottomProductInfor.m in Sources */,
				657544A02D37CC5D00A63988 /* AnyContactInforViewController.m in Sources */,
				6575450A2D41D4AE00A63988 /* LocationDictionaryHelper.m in Sources */,
				657544182D3520D500A63988 /* AnyNavigationBarUtil.m in Sources */,
				046B6DCD2D34AF6200EE9EF7 /* BorderLabel.m in Sources */,
				657544F62D38F28600A63988 /* AnySelectModel.m in Sources */,
				6575448D2D37A8D700A63988 /* AnyVerifyldentitySuccessfulViewController.m in Sources */,
				657544862D37728100A63988 /* AnyVerifyldentity02Cell.m in Sources */,
				046B6DDD2D34E45400EE9EF7 /* OutlineLabel.m in Sources */,
				046B6DC02D33DE7000EE9EF7 /* AnyTimeLargeCardSlotSecondCell.m in Sources */,
				657545042D3D098100A63988 /* AnyAreYouPop.m in Sources */,
				046B6DD02D34B1B200EE9EF7 /* GradientBorderLabel.m in Sources */,
				657544E82D38A52800A63988 /* AnyAddressPop.m in Sources */,
				046B6D632D30F74000EE9EF7 /* AppDelegate.m in Sources */,
				657544772D374A4A00A63988 /* AnyVerifyldentityIDTypeCell.m in Sources */,
				657544742D36AC9E00A63988 /* AnyVerifyldentityIDTypeViewController.m in Sources */,
				6575440E2D3505B700A63988 /* AnyDevHelper.m in Sources */,
				046B6DE32D36356800EE9EF7 /* AnyTimeOrderCardCell.m in Sources */,
				046B6DB42D339E8200EE9EF7 /* AnyTimeCustomTextField.m in Sources */,
				046B6DED2D368D9100EE9EF7 /* AnyTimeMeSettingViewController.m in Sources */,
				046B6DBD2D33DE5400EE9EF7 /* AnyTimeLargeCardSlotFirstCell.m in Sources */,
				046B6DCA2D33E94D00EE9EF7 /* AnyTimePublic.m in Sources */,
				046B6DBA2D33D91900EE9EF7 /* AnyTimeSmallCardSlotView.m in Sources */,
				6575441B2D3522FF00A63988 /* AnyUIFactory.m in Sources */,
				046B6DF02D3691A700EE9EF7 /* AnyTimeMeSettingTableViewCell.m in Sources */,
				657544952D37B93600A63988 /* AnyCertificationInfoCell.m in Sources */,
				04E89A642D38F2FB008EA16E /* AnyTimeHomeModel.m in Sources */,
				657544FE2D3A131200A63988 /* AnyBeCommonWebViewController.m in Sources */,
				046B6DAF2D3393E900EE9EF7 /* AnyTimeLoginViewController.m in Sources */,
				657544902D37B0F200A63988 /* AnyVerifyldentitySuccessfull01Cell.m in Sources */,
				046B6D742D30F74500EE9EF7 /* main.m in Sources */,
				046B6DD72D34B76000EE9EF7 /* AnyTimeSmallCardSlotSecondCell.m in Sources */,
				04E89A682D3C9D50008EA16E /* AnyTimeOrderModel.m in Sources */,
				04690EEF2D3788EF00BB8F5A /* UIButton+AnyEdge.m in Sources */,
				657544AF2D38001E00A63988 /* AnyInfoConfirmedView.m in Sources */,
				046B6DE62D364F2500EE9EF7 /* EmptyOrdersViewController.m in Sources */,
				046B6D9D2D33619900EE9EF7 /* AnyTimeHomeViewController.m in Sources */,
				657544EF2D38D99B00A63988 /* AnySelectPop.m in Sources */,
				6575440B2D34DC4F00A63988 /* AnyRouter.m in Sources */,
				657544832D37719A00A63988 /* AnyVerifyldentity02ViewController.m in Sources */,
				04690EF22D37CBF600BB8F5A /* AnyHttpTool.m in Sources */,
				657544A92D37DD3C00A63988 /* AnyWithdrawalInfoViewController.m in Sources */,
				6575448A2D37A1A700A63988 /* AnyVerifyldentity03ViewController.m in Sources */,
				04E89A602D38BF6A008EA16E /* AnyTimeHUD.m in Sources */,
				046B6DE92D36892400EE9EF7 /* AnyTimeMeTableViewCell.m in Sources */,
				6575449D2D37BCAF00A63988 /* AnyPersonalInforViewController.m in Sources */,
			);
			runOnlyForDeploymentPostprocessing = 0;
		};
		046B6D752D30F74500EE9EF7 /* Sources */ = {
			isa = PBXSourcesBuildPhase;
			buildActionMask = 2147483647;
			files = (
				046B6D7E2D30F74500EE9EF7 /* AnyTimeTests.m in Sources */,
			);
			runOnlyForDeploymentPostprocessing = 0;
		};
		046B6D7F2D30F74500EE9EF7 /* Sources */ = {
			isa = PBXSourcesBuildPhase;
			buildActionMask = 2147483647;
			files = (
				046B6D8A2D30F74500EE9EF7 /* AnyTimeUITestsLaunchTests.m in Sources */,
				046B6D882D30F74500EE9EF7 /* AnyTimeUITests.m in Sources */,
			);
			runOnlyForDeploymentPostprocessing = 0;
		};
/* End PBXSourcesBuildPhase section */

/* Begin PBXTargetDependency section */
		046B6D7B2D30F74500EE9EF7 /* PBXTargetDependency */ = {
			isa = PBXTargetDependency;
			target = 046B6D5D2D30F74000EE9EF7 /* AnyTime */;
			targetProxy = 046B6D7A2D30F74500EE9EF7 /* PBXContainerItemProxy */;
		};
		046B6D852D30F74500EE9EF7 /* PBXTargetDependency */ = {
			isa = PBXTargetDependency;
			target = 046B6D5D2D30F74000EE9EF7 /* AnyTime */;
			targetProxy = 046B6D842D30F74500EE9EF7 /* PBXContainerItemProxy */;
		};
/* End PBXTargetDependency section */

/* Begin PBXVariantGroup section */
		046B6D6A2D30F74000EE9EF7 /* Main.storyboard */ = {
			isa = PBXVariantGroup;
			children = (
				046B6D6B2D30F74000EE9EF7 /* Base */,
			);
			name = Main.storyboard;
			sourceTree = "<group>";
		};
		046B6D6F2D30F74500EE9EF7 /* LaunchScreen.storyboard */ = {
			isa = PBXVariantGroup;
			children = (
				046B6D702D30F74500EE9EF7 /* Base */,
			);
			name = LaunchScreen.storyboard;
			sourceTree = "<group>";
		};
/* End PBXVariantGroup section */

/* Begin XCBuildConfiguration section */
		046B6D8B2D30F74500EE9EF7 /* Debug */ = {
			isa = XCBuildConfiguration;
			buildSettings = {
				ALWAYS_SEARCH_USER_PATHS = NO;
				ASSETCATALOG_COMPILER_GENERATE_SWIFT_ASSET_SYMBOL_EXTENSIONS = YES;
				CLANG_ANALYZER_NONNULL = YES;
				CLANG_ANALYZER_NUMBER_OBJECT_CONVERSION = YES_AGGRESSIVE;
				CLANG_CXX_LANGUAGE_STANDARD = "gnu++20";
				CLANG_ENABLE_MODULES = YES;
				CLANG_ENABLE_OBJC_ARC = YES;
				CLANG_ENABLE_OBJC_WEAK = YES;
				CLANG_WARN_BLOCK_CAPTURE_AUTORELEASING = YES;
				CLANG_WARN_BOOL_CONVERSION = YES;
				CLANG_WARN_COMMA = YES;
				CLANG_WARN_CONSTANT_CONVERSION = YES;
				CLANG_WARN_DEPRECATED_OBJC_IMPLEMENTATIONS = YES;
				CLANG_WARN_DIRECT_OBJC_ISA_USAGE = YES_ERROR;
				CLANG_WARN_DOCUMENTATION_COMMENTS = YES;
				CLANG_WARN_EMPTY_BODY = YES;
				CLANG_WARN_ENUM_CONVERSION = YES;
				CLANG_WARN_INFINITE_RECURSION = YES;
				CLANG_WARN_INT_CONVERSION = YES;
				CLANG_WARN_NON_LITERAL_NULL_CONVERSION = YES;
				CLANG_WARN_OBJC_IMPLICIT_RETAIN_SELF = YES;
				CLANG_WARN_OBJC_LITERAL_CONVERSION = YES;
				CLANG_WARN_OBJC_ROOT_CLASS = YES_ERROR;
				CLANG_WARN_QUOTED_INCLUDE_IN_FRAMEWORK_HEADER = YES;
				CLANG_WARN_RANGE_LOOP_ANALYSIS = YES;
				CLANG_WARN_STRICT_PROTOTYPES = YES;
				CLANG_WARN_SUSPICIOUS_MOVE = YES;
				CLANG_WARN_UNGUARDED_AVAILABILITY = YES_AGGRESSIVE;
				CLANG_WARN_UNREACHABLE_CODE = YES;
				CLANG_WARN__DUPLICATE_METHOD_MATCH = YES;
				COPY_PHASE_STRIP = NO;
				DEBUG_INFORMATION_FORMAT = dwarf;
				ENABLE_STRICT_OBJC_MSGSEND = YES;
				ENABLE_TESTABILITY = YES;
				ENABLE_USER_SCRIPT_SANDBOXING = YES;
				GCC_C_LANGUAGE_STANDARD = gnu17;
				GCC_DYNAMIC_NO_PIC = NO;
				GCC_NO_COMMON_BLOCKS = YES;
				GCC_OPTIMIZATION_LEVEL = 0;
				GCC_PREPROCESSOR_DEFINITIONS = (
					"DEBUG=1",
					"$(inherited)",
				);
				GCC_WARN_64_TO_32_BIT_CONVERSION = YES;
				GCC_WARN_ABOUT_RETURN_TYPE = YES_ERROR;
				GCC_WARN_UNDECLARED_SELECTOR = YES;
				GCC_WARN_UNINITIALIZED_AUTOS = YES_AGGRESSIVE;
				GCC_WARN_UNUSED_FUNCTION = YES;
				GCC_WARN_UNUSED_VARIABLE = YES;
				IPHONEOS_DEPLOYMENT_TARGET = 17.0;
				LOCALIZATION_PREFERS_STRING_CATALOGS = YES;
				MTL_ENABLE_DEBUG_INFO = INCLUDE_SOURCE;
				MTL_FAST_MATH = YES;
				ONLY_ACTIVE_ARCH = YES;
				SDKROOT = iphoneos;
			};
			name = Debug;
		};
		046B6D8C2D30F74500EE9EF7 /* Release */ = {
			isa = XCBuildConfiguration;
			buildSettings = {
				ALWAYS_SEARCH_USER_PATHS = NO;
				ASSETCATALOG_COMPILER_GENERATE_SWIFT_ASSET_SYMBOL_EXTENSIONS = YES;
				CLANG_ANALYZER_NONNULL = YES;
				CLANG_ANALYZER_NUMBER_OBJECT_CONVERSION = YES_AGGRESSIVE;
				CLANG_CXX_LANGUAGE_STANDARD = "gnu++20";
				CLANG_ENABLE_MODULES = YES;
				CLANG_ENABLE_OBJC_ARC = YES;
				CLANG_ENABLE_OBJC_WEAK = YES;
				CLANG_WARN_BLOCK_CAPTURE_AUTORELEASING = YES;
				CLANG_WARN_BOOL_CONVERSION = YES;
				CLANG_WARN_COMMA = YES;
				CLANG_WARN_CONSTANT_CONVERSION = YES;
				CLANG_WARN_DEPRECATED_OBJC_IMPLEMENTATIONS = YES;
				CLANG_WARN_DIRECT_OBJC_ISA_USAGE = YES_ERROR;
				CLANG_WARN_DOCUMENTATION_COMMENTS = YES;
				CLANG_WARN_EMPTY_BODY = YES;
				CLANG_WARN_ENUM_CONVERSION = YES;
				CLANG_WARN_INFINITE_RECURSION = YES;
				CLANG_WARN_INT_CONVERSION = YES;
				CLANG_WARN_NON_LITERAL_NULL_CONVERSION = YES;
				CLANG_WARN_OBJC_IMPLICIT_RETAIN_SELF = YES;
				CLANG_WARN_OBJC_LITERAL_CONVERSION = YES;
				CLANG_WARN_OBJC_ROOT_CLASS = YES_ERROR;
				CLANG_WARN_QUOTED_INCLUDE_IN_FRAMEWORK_HEADER = YES;
				CLANG_WARN_RANGE_LOOP_ANALYSIS = YES;
				CLANG_WARN_STRICT_PROTOTYPES = YES;
				CLANG_WARN_SUSPICIOUS_MOVE = YES;
				CLANG_WARN_UNGUARDED_AVAILABILITY = YES_AGGRESSIVE;
				CLANG_WARN_UNREACHABLE_CODE = YES;
				CLANG_WARN__DUPLICATE_METHOD_MATCH = YES;
				COPY_PHASE_STRIP = NO;
				DEBUG_INFORMATION_FORMAT = "dwarf-with-dsym";
				ENABLE_NS_ASSERTIONS = NO;
				ENABLE_STRICT_OBJC_MSGSEND = YES;
				ENABLE_USER_SCRIPT_SANDBOXING = YES;
				GCC_C_LANGUAGE_STANDARD = gnu17;
				GCC_NO_COMMON_BLOCKS = YES;
				GCC_WARN_64_TO_32_BIT_CONVERSION = YES;
				GCC_WARN_ABOUT_RETURN_TYPE = YES_ERROR;
				GCC_WARN_UNDECLARED_SELECTOR = YES;
				GCC_WARN_UNINITIALIZED_AUTOS = YES_AGGRESSIVE;
				GCC_WARN_UNUSED_FUNCTION = YES;
				GCC_WARN_UNUSED_VARIABLE = YES;
				IPHONEOS_DEPLOYMENT_TARGET = 17.0;
				LOCALIZATION_PREFERS_STRING_CATALOGS = YES;
				MTL_ENABLE_DEBUG_INFO = NO;
				MTL_FAST_MATH = YES;
				SDKROOT = iphoneos;
				VALIDATE_PRODUCT = YES;
			};
			name = Release;
		};
		046B6D8E2D30F74500EE9EF7 /* Debug */ = {
			isa = XCBuildConfiguration;
			baseConfigurationReference = D54DEB0F6F0DBB603337F2BB /* Pods-AnyTime.debug.xcconfig */;
			buildSettings = {
				ASSETCATALOG_COMPILER_APPICON_NAME = AppIcon;
				ASSETCATALOG_COMPILER_GLOBAL_ACCENT_COLOR_NAME = AccentColor;
				CODE_SIGN_IDENTITY = "Apple Development";
				"CODE_SIGN_IDENTITY[sdk=iphoneos*]" = "iPhone Distribution";
				CODE_SIGN_STYLE = Manual;
				CURRENT_PROJECT_VERSION = 1;
				DEVELOPMENT_TEAM = "";
				"DEVELOPMENT_TEAM[sdk=iphoneos*]" = 8K9YQ3M42C;
				ENABLE_APP_SANDBOX = NO;
				ENABLE_USER_SCRIPT_SANDBOXING = NO;
				GCC_PRECOMPILE_PREFIX_HEADER = YES;
				GCC_PREFIX_HEADER = "$(SRCROOT)/AnyTime/AnyTime-Prefix.pch";
				GENERATE_INFOPLIST_FILE = YES;
				INFOPLIST_FILE = AnyTime/Info.plist;
				INFOPLIST_KEY_CFBundleDisplayName = "Any ABC";
				INFOPLIST_KEY_NSCameraUsageDescription = "App需要相机权限";
				INFOPLIST_KEY_NSContactsUsageDescription = "App需要联系人权限";
				INFOPLIST_KEY_NSLocationWhenInUseUsageDescription = "App需要定位权限";
				INFOPLIST_KEY_NSUserTrackingUsageDescription = "IDFA权限";
				INFOPLIST_KEY_UIApplicationSupportsIndirectInputEvents = YES;
				INFOPLIST_KEY_UILaunchStoryboardName = LaunchScreen.storyboard;
				INFOPLIST_KEY_UIMainStoryboardFile = Main;
				INFOPLIST_KEY_UISupportedInterfaceOrientations = UIInterfaceOrientationPortrait;
				IPHONEOS_DEPLOYMENT_TARGET = 14.0;
				LD_RUNPATH_SEARCH_PATHS = (
					"$(inherited)",
					"@executable_path/Frameworks",
				);
				MARKETING_VERSION = 1.0.0;
				OTHER_CFLAGS = "";
				PRODUCT_BUNDLE_IDENTIFIER = at.2025012401;
				PRODUCT_NAME = "$(TARGET_NAME)";
				PROVISIONING_PROFILE_SPECIFIER = "";
				"PROVISIONING_PROFILE_SPECIFIER[sdk=iphoneos*]" = AT2025012401;
				SUPPORTED_PLATFORMS = "iphoneos iphonesimulator";
				SUPPORTS_MACCATALYST = NO;
				SUPPORTS_MAC_DESIGNED_FOR_IPHONE_IPAD = NO;
				SWIFT_EMIT_LOC_STRINGS = YES;
				TARGETED_DEVICE_FAMILY = 1;
			};
			name = Debug;
		};
		046B6D8F2D30F74500EE9EF7 /* Release */ = {
			isa = XCBuildConfiguration;
			baseConfigurationReference = 8B64C75E68F112EDC47D02D0 /* Pods-AnyTime.release.xcconfig */;
			buildSettings = {
				ASSETCATALOG_COMPILER_APPICON_NAME = AppIcon;
				ASSETCATALOG_COMPILER_GLOBAL_ACCENT_COLOR_NAME = AccentColor;
				CODE_SIGN_IDENTITY = "Apple Development";
				"CODE_SIGN_IDENTITY[sdk=iphoneos*]" = "iPhone Distribution";
				CODE_SIGN_STYLE = Manual;
				CURRENT_PROJECT_VERSION = 1;
				DEVELOPMENT_TEAM = "";
				"DEVELOPMENT_TEAM[sdk=iphoneos*]" = 8K9YQ3M42C;
				ENABLE_APP_SANDBOX = NO;
				ENABLE_USER_SCRIPT_SANDBOXING = NO;
				GCC_PRECOMPILE_PREFIX_HEADER = YES;
				GCC_PREFIX_HEADER = "$(SRCROOT)/AnyTime/AnyTime-Prefix.pch";
				GENERATE_INFOPLIST_FILE = YES;
				INFOPLIST_FILE = AnyTime/Info.plist;
				INFOPLIST_KEY_CFBundleDisplayName = "Any ABC";
				INFOPLIST_KEY_NSCameraUsageDescription = "App需要相机权限";
				INFOPLIST_KEY_NSContactsUsageDescription = "App需要联系人权限";
				INFOPLIST_KEY_NSLocationWhenInUseUsageDescription = "App需要定位权限";
				INFOPLIST_KEY_NSUserTrackingUsageDescription = "IDFA权限";
				INFOPLIST_KEY_UIApplicationSupportsIndirectInputEvents = YES;
				INFOPLIST_KEY_UILaunchStoryboardName = LaunchScreen.storyboard;
				INFOPLIST_KEY_UIMainStoryboardFile = Main;
				INFOPLIST_KEY_UISupportedInterfaceOrientations = UIInterfaceOrientationPortrait;
				IPHONEOS_DEPLOYMENT_TARGET = 14.0;
				LD_RUNPATH_SEARCH_PATHS = (
					"$(inherited)",
					"@executable_path/Frameworks",
				);
				MARKETING_VERSION = 1.0.0;
				OTHER_CFLAGS = "";
				PRODUCT_BUNDLE_IDENTIFIER = at.2025012401;
				PRODUCT_NAME = "$(TARGET_NAME)";
				PROVISIONING_PROFILE_SPECIFIER = "";
				"PROVISIONING_PROFILE_SPECIFIER[sdk=iphoneos*]" = AT2025012401;
				SUPPORTED_PLATFORMS = "iphoneos iphonesimulator";
				SUPPORTS_MACCATALYST = NO;
				SUPPORTS_MAC_DESIGNED_FOR_IPHONE_IPAD = NO;
				SWIFT_EMIT_LOC_STRINGS = YES;
				TARGETED_DEVICE_FAMILY = 1;
			};
			name = Release;
		};
		046B6D912D30F74500EE9EF7 /* Debug */ = {
			isa = XCBuildConfiguration;
			baseConfigurationReference = 3414FFF15DC354AEA7298D8F /* Pods-AnyTimeTests.debug.xcconfig */;
			buildSettings = {
				BUNDLE_LOADER = "$(TEST_HOST)";
				CODE_SIGN_STYLE = Automatic;
				CURRENT_PROJECT_VERSION = 1;
				GENERATE_INFOPLIST_FILE = YES;
				IPHONEOS_DEPLOYMENT_TARGET = 17.0;
				MARKETING_VERSION = 1.0;
				PRODUCT_BUNDLE_IDENTIFIER = com.text.AnyTimeTests;
				PRODUCT_NAME = "$(TARGET_NAME)";
				SWIFT_EMIT_LOC_STRINGS = NO;
				TARGETED_DEVICE_FAMILY = "1,2";
				TEST_HOST = "$(BUILT_PRODUCTS_DIR)/AnyTime.app/$(BUNDLE_EXECUTABLE_FOLDER_PATH)/AnyTime";
			};
			name = Debug;
		};
		046B6D922D30F74500EE9EF7 /* Release */ = {
			isa = XCBuildConfiguration;
			baseConfigurationReference = 2D1011C7969C9D06831050AF /* Pods-AnyTimeTests.release.xcconfig */;
			buildSettings = {
				BUNDLE_LOADER = "$(TEST_HOST)";
				CODE_SIGN_STYLE = Automatic;
				CURRENT_PROJECT_VERSION = 1;
				GENERATE_INFOPLIST_FILE = YES;
				IPHONEOS_DEPLOYMENT_TARGET = 17.0;
				MARKETING_VERSION = 1.0;
				PRODUCT_BUNDLE_IDENTIFIER = com.text.AnyTimeTests;
				PRODUCT_NAME = "$(TARGET_NAME)";
				SWIFT_EMIT_LOC_STRINGS = NO;
				TARGETED_DEVICE_FAMILY = "1,2";
				TEST_HOST = "$(BUILT_PRODUCTS_DIR)/AnyTime.app/$(BUNDLE_EXECUTABLE_FOLDER_PATH)/AnyTime";
			};
			name = Release;
		};
		046B6D942D30F74500EE9EF7 /* Debug */ = {
			isa = XCBuildConfiguration;
			baseConfigurationReference = 4D9BAC4A1E243BC4268E3570 /* Pods-AnyTime-AnyTimeUITests.debug.xcconfig */;
			buildSettings = {
				CODE_SIGN_STYLE = Automatic;
				CURRENT_PROJECT_VERSION = 1;
				GENERATE_INFOPLIST_FILE = YES;
				MARKETING_VERSION = 1.0;
				PRODUCT_BUNDLE_IDENTIFIER = com.text.AnyTimeUITests;
				PRODUCT_NAME = "$(TARGET_NAME)";
				SWIFT_EMIT_LOC_STRINGS = NO;
				TARGETED_DEVICE_FAMILY = "1,2";
				TEST_TARGET_NAME = AnyTime;
			};
			name = Debug;
		};
		046B6D952D30F74500EE9EF7 /* Release */ = {
			isa = XCBuildConfiguration;
			baseConfigurationReference = C87E2FEB068C01887AD0C655 /* Pods-AnyTime-AnyTimeUITests.release.xcconfig */;
			buildSettings = {
				CODE_SIGN_STYLE = Automatic;
				CURRENT_PROJECT_VERSION = 1;
				GENERATE_INFOPLIST_FILE = YES;
				MARKETING_VERSION = 1.0;
				PRODUCT_BUNDLE_IDENTIFIER = com.text.AnyTimeUITests;
				PRODUCT_NAME = "$(TARGET_NAME)";
				SWIFT_EMIT_LOC_STRINGS = NO;
				TARGETED_DEVICE_FAMILY = "1,2";
				TEST_TARGET_NAME = AnyTime;
			};
			name = Release;
		};
/* End XCBuildConfiguration section */

/* Begin XCConfigurationList section */
		046B6D592D30F74000EE9EF7 /* Build configuration list for PBXProject "AnyTime" */ = {
			isa = XCConfigurationList;
			buildConfigurations = (
				046B6D8B2D30F74500EE9EF7 /* Debug */,
				046B6D8C2D30F74500EE9EF7 /* Release */,
			);
			defaultConfigurationIsVisible = 0;
			defaultConfigurationName = Release;
		};
		046B6D8D2D30F74500EE9EF7 /* Build configuration list for PBXNativeTarget "AnyTime" */ = {
			isa = XCConfigurationList;
			buildConfigurations = (
				046B6D8E2D30F74500EE9EF7 /* Debug */,
				046B6D8F2D30F74500EE9EF7 /* Release */,
			);
			defaultConfigurationIsVisible = 0;
			defaultConfigurationName = Release;
		};
		046B6D902D30F74500EE9EF7 /* Build configuration list for PBXNativeTarget "AnyTimeTests" */ = {
			isa = XCConfigurationList;
			buildConfigurations = (
				046B6D912D30F74500EE9EF7 /* Debug */,
				046B6D922D30F74500EE9EF7 /* Release */,
			);
			defaultConfigurationIsVisible = 0;
			defaultConfigurationName = Release;
		};
		046B6D932D30F74500EE9EF7 /* Build configuration list for PBXNativeTarget "AnyTimeUITests" */ = {
			isa = XCConfigurationList;
			buildConfigurations = (
				046B6D942D30F74500EE9EF7 /* Debug */,
				046B6D952D30F74500EE9EF7 /* Release */,
			);
			defaultConfigurationIsVisible = 0;
			defaultConfigurationName = Release;
		};
/* End XCConfigurationList section */
	};
	rootObject = 046B6D562D30F74000EE9EF7 /* Project object */;
}
